// !$*UTF8*$!
{
	archiveVersion = 1;
	classes = {
	};
	objectVersion = 56;
	objects = {

/* Begin PBXBuildFile section */
		CC73642C2B4203BD00CA1B09 /* MeetMeApp.swift in Sources */ = {isa = PBXBuildFile; fileRef = CC73642B2B4203BD00CA1B09 /* MeetMeApp.swift */; };
		CC73642E2B4203BD00CA1B09 /* ContentView.swift in Sources */ = {isa = PBXBuildFile; fileRef = CC73642D2B4203BD00CA1B09 /* ContentView.swift */; };
		CC7364302B4203BD00CA1B09 /* Item.swift in Sources */ = {isa = PBXBuildFile; fileRef = CC73642F2B4203BD00CA1B09 /* Item.swift */; };
		CC7364322B4203BD00CA1B09 /* Assets.xcassets in Resources */ = {isa = PBXBuildFile; fileRef = CC7364312B4203BD00CA1B09 /* Assets.xcassets */; };
		CC7364362B4203BD00CA1B09 /* Preview Assets.xcassets in Resources */ = {isa = PBXBuildFile; fileRef = CC7364352B4203BD00CA1B09 /* Preview Assets.xcassets */; };
		CC7364412B4203BD00CA1B09 /* MeetMeTests.swift in Sources */ = {isa = PBXBuildFile; fileRef = CC7364402B4203BD00CA1B09 /* MeetMeTests.swift */; };
		CC73644B2B4203BD00CA1B09 /* MeetMeUITests.swift in Sources */ = {isa = PBXBuildFile; fileRef = CC73644A2B4203BD00CA1B09 /* MeetMeUITests.swift */; };
		CC73644D2B4203BD00CA1B09 /* MeetMeUITestsLaunchTests.swift in Sources */ = {isa = PBXBuildFile; fileRef = CC73644C2B4203BD00CA1B09 /* MeetMeUITestsLaunchTests.swift */; };
/* End PBXBuildFile section */

/* Begin PBXContainerItemProxy section */
		CC73643D2B4203BD00CA1B09 /* PBXContainerItemProxy */ = {
			isa = PBXContainerItemProxy;
			containerPortal = CC7364202B4203BD00CA1B09 /* Project object */;
			proxyType = 1;
			remoteGlobalIDString = CC7364272B4203BD00CA1B09;
			remoteInfo = MeetMe;
		};
		CC7364472B4203BD00CA1B09 /* PBXContainerItemProxy */ = {
			isa = PBXContainerItemProxy;
			containerPortal = CC7364202B4203BD00CA1B09 /* Project object */;
			proxyType = 1;
			remoteGlobalIDString = CC7364272B4203BD00CA1B09;
			remoteInfo = MeetMe;
		};
/* End PBXContainerItemProxy section */

/* Begin PBXFileReference section */
		CC7364282B4203BD00CA1B09 /* MeetMe.app */ = {isa = PBXFileReference; explicitFileType = wrapper.application; includeInIndex = 0; path = MeetMe.app; sourceTree = BUILT_PRODUCTS_DIR; };
		CC73642B2B4203BD00CA1B09 /* MeetMeApp.swift */ = {isa = PBXFileReference; lastKnownFileType = sourcecode.swift; path = MeetMeApp.swift; sourceTree = "<group>"; };
		CC73642D2B4203BD00CA1B09 /* ContentView.swift */ = {isa = PBXFileReference; lastKnownFileType = sourcecode.swift; path = ContentView.swift; sourceTree = "<group>"; };
		CC73642F2B4203BD00CA1B09 /* Item.swift */ = {isa = PBXFileReference; lastKnownFileType = sourcecode.swift; path = Item.swift; sourceTree = "<group>"; };
		CC7364312B4203BD00CA1B09 /* Assets.xcassets */ = {isa = PBXFileReference; lastKnownFileType = folder.assetcatalog; path = Assets.xcassets; sourceTree = "<group>"; };
		CC7364332B4203BD00CA1B09 /* MeetMe.entitlements */ = {isa = PBXFileReference; lastKnownFileType = text.plist.entitlements; path = MeetMe.entitlements; sourceTree = "<group>"; };
		CC7364352B4203BD00CA1B09 /* Preview Assets.xcassets */ = {isa = PBXFileReference; lastKnownFileType = folder.assetcatalog; path = "Preview Assets.xcassets"; sourceTree = "<group>"; };
		CC7364372B4203BD00CA1B09 /* Info.plist */ = {isa = PBXFileReference; lastKnownFileType = text.plist.xml; path = Info.plist; sourceTree = "<group>"; };
		CC73643C2B4203BD00CA1B09 /* MeetMeTests.xctest */ = {isa = PBXFileReference; explicitFileType = wrapper.cfbundle; includeInIndex = 0; path = MeetMeTests.xctest; sourceTree = BUILT_PRODUCTS_DIR; };
		CC7364402B4203BD00CA1B09 /* MeetMeTests.swift */ = {isa = PBXFileReference; lastKnownFileType = sourcecode.swift; path = MeetMeTests.swift; sourceTree = "<group>"; };
		CC7364462B4203BD00CA1B09 /* MeetMeUITests.xctest */ = {isa = PBXFileReference; explicitFileType = wrapper.cfbundle; includeInIndex = 0; path = MeetMeUITests.xctest; sourceTree = BUILT_PRODUCTS_DIR; };
		CC73644A2B4203BD00CA1B09 /* MeetMeUITests.swift */ = {isa = PBXFileReference; lastKnownFileType = sourcecode.swift; path = MeetMeUITests.swift; sourceTree = "<group>"; };
		CC73644C2B4203BD00CA1B09 /* MeetMeUITestsLaunchTests.swift */ = {isa = PBXFileReference; lastKnownFileType = sourcecode.swift; path = MeetMeUITestsLaunchTests.swift; sourceTree = "<group>"; };
/* End PBXFileReference section */

/* Begin PBXFrameworksBuildPhase section */
		CC7364252B4203BD00CA1B09 /* Frameworks */ = {
			isa = PBXFrameworksBuildPhase;
			buildActionMask = 2147483647;
			files = (
			);
			runOnlyForDeploymentPostprocessing = 0;
		};
		CC7364392B4203BD00CA1B09 /* Frameworks */ = {
			isa = PBXFrameworksBuildPhase;
			buildActionMask = 2147483647;
			files = (
			);
			runOnlyForDeploymentPostprocessing = 0;
		};
		CC7364432B4203BD00CA1B09 /* Frameworks */ = {
			isa = PBXFrameworksBuildPhase;
			buildActionMask = 2147483647;
			files = (
			);
			runOnlyForDeploymentPostprocessing = 0;
		};
/* End PBXFrameworksBuildPhase section */

/* Begin PBXGroup section */
		CC73641F2B4203BD00CA1B09 = {
			isa = PBXGroup;
			children = (
				CC73642A2B4203BD00CA1B09 /* MeetMe */,
				CC73643F2B4203BD00CA1B09 /* MeetMeTests */,
				CC7364492B4203BD00CA1B09 /* MeetMeUITests */,
				CC7364292B4203BD00CA1B09 /* Products */,
			);
			sourceTree = "<group>";
		};
		CC7364292B4203BD00CA1B09 /* Products */ = {
			isa = PBXGroup;
			children = (
				CC7364282B4203BD00CA1B09 /* MeetMe.app */,
				CC73643C2B4203BD00CA1B09 /* MeetMeTests.xctest */,
				CC7364462B4203BD00CA1B09 /* MeetMeUITests.xctest */,
			);
			name = Products;
			sourceTree = "<group>";
		};
		CC73642A2B4203BD00CA1B09 /* MeetMe */ = {
			isa = PBXGroup;
			children = (
				CC73642B2B4203BD00CA1B09 /* MeetMeApp.swift */,
				CC73642D2B4203BD00CA1B09 /* ContentView.swift */,
				CC73642F2B4203BD00CA1B09 /* Item.swift */,
				CC7364312B4203BD00CA1B09 /* Assets.xcassets */,
				CC7364332B4203BD00CA1B09 /* MeetMe.entitlements */,
				CC7364372B4203BD00CA1B09 /* Info.plist */,
				CC7364342B4203BD00CA1B09 /* Preview Content */,
			);
			path = MeetMe;
			sourceTree = "<group>";
		};
		CC7364342B4203BD00CA1B09 /* Preview Content */ = {
			isa = PBXGroup;
			children = (
				CC7364352B4203BD00CA1B09 /* Preview Assets.xcassets */,
			);
			path = "Preview Content";
			sourceTree = "<group>";
		};
		CC73643F2B4203BD00CA1B09 /* MeetMeTests */ = {
			isa = PBXGroup;
			children = (
				CC7364402B4203BD00CA1B09 /* MeetMeTests.swift */,
			);
			path = MeetMeTests;
			sourceTree = "<group>";
		};
		CC7364492B4203BD00CA1B09 /* MeetMeUITests */ = {
			isa = PBXGroup;
			children = (
				CC73644A2B4203BD00CA1B09 /* MeetMeUITests.swift */,
				CC73644C2B4203BD00CA1B09 /* MeetMeUITestsLaunchTests.swift */,
			);
			path = MeetMeUITests;
			sourceTree = "<group>";
		};
/* End PBXGroup section */

/* Begin PBXNativeTarget section */
		CC7364272B4203BD00CA1B09 /* MeetMe */ = {
			isa = PBXNativeTarget;
			buildConfigurationList = CC7364502B4203BD00CA1B09 /* Build configuration list for PBXNativeTarget "MeetMe" */;
			buildPhases = (
				CC7364242B4203BD00CA1B09 /* Sources */,
				CC7364252B4203BD00CA1B09 /* Frameworks */,
				CC7364262B4203BD00CA1B09 /* Resources */,
			);
			buildRules = (
			);
			dependencies = (
			);
			name = MeetMe;
			productName = MeetMe;
			productReference = CC7364282B4203BD00CA1B09 /* MeetMe.app */;
			productType = "com.apple.product-type.application";
		};
		CC73643B2B4203BD00CA1B09 /* MeetMeTests */ = {
			isa = PBXNativeTarget;
			buildConfigurationList = CC7364532B4203BD00CA1B09 /* Build configuration list for PBXNativeTarget "MeetMeTests" */;
			buildPhases = (
				CC7364382B4203BD00CA1B09 /* Sources */,
				CC7364392B4203BD00CA1B09 /* Frameworks */,
				CC73643A2B4203BD00CA1B09 /* Resources */,
			);
			buildRules = (
			);
			dependencies = (
				CC73643E2B4203BD00CA1B09 /* PBXTargetDependency */,
			);
			name = MeetMeTests;
			productName = MeetMeTests;
			productReference = CC73643C2B4203BD00CA1B09 /* MeetMeTests.xctest */;
			productType = "com.apple.product-type.bundle.unit-test";
		};
		CC7364452B4203BD00CA1B09 /* MeetMeUITests */ = {
			isa = PBXNativeTarget;
			buildConfigurationList = CC7364562B4203BD00CA1B09 /* Build configuration list for PBXNativeTarget "MeetMeUITests" */;
			buildPhases = (
				CC7364422B4203BD00CA1B09 /* Sources */,
				CC7364432B4203BD00CA1B09 /* Frameworks */,
				CC7364442B4203BD00CA1B09 /* Resources */,
			);
			buildRules = (
			);
			dependencies = (
				CC7364482B4203BD00CA1B09 /* PBXTargetDependency */,
			);
			name = MeetMeUITests;
			productName = MeetMeUITests;
			productReference = CC7364462B4203BD00CA1B09 /* MeetMeUITests.xctest */;
			productType = "com.apple.product-type.bundle.ui-testing";
		};
/* End PBXNativeTarget section */

/* Begin PBXProject section */
		CC7364202B4203BD00CA1B09 /* Project object */ = {
			isa = PBXProject;
			attributes = {
				BuildIndependentTargetsInParallel = 1;
				LastSwiftUpdateCheck = 1520;
				LastUpgradeCheck = 1520;
				TargetAttributes = {
					CC7364272B4203BD00CA1B09 = {
						CreatedOnToolsVersion = 15.2;
					};
					CC73643B2B4203BD00CA1B09 = {
						CreatedOnToolsVersion = 15.2;
						TestTargetID = CC7364272B4203BD00CA1B09;
					};
					CC7364452B4203BD00CA1B09 = {
						CreatedOnToolsVersion = 15.2;
						TestTargetID = CC7364272B4203BD00CA1B09;
					};
				};
			};
			buildConfigurationList = CC7364232B4203BD00CA1B09 /* Build configuration list for PBXProject "MeetMe" */;
			compatibilityVersion = "Xcode 14.0";
			developmentRegion = en;
			hasScannedForEncodings = 0;
			knownRegions = (
				en,
				Base,
			);
			mainGroup = CC73641F2B4203BD00CA1B09;
			productRefGroup = CC7364292B4203BD00CA1B09 /* Products */;
			projectDirPath = "";
			projectRoot = "";
			targets = (
				CC7364272B4203BD00CA1B09 /* MeetMe */,
				CC73643B2B4203BD00CA1B09 /* MeetMeTests */,
				CC7364452B4203BD00CA1B09 /* MeetMeUITests */,
			);
		};
/* End PBXProject section */

/* Begin PBXResourcesBuildPhase section */
		CC7364262B4203BD00CA1B09 /* Resources */ = {
			isa = PBXResourcesBuildPhase;
			buildActionMask = 2147483647;
			files = (
				CC7364362B4203BD00CA1B09 /* Preview Assets.xcassets in Resources */,
				CC7364322B4203BD00CA1B09 /* Assets.xcassets in Resources */,
			);
			runOnlyForDeploymentPostprocessing = 0;
		};
		CC73643A2B4203BD00CA1B09 /* Resources */ = {
			isa = PBXResourcesBuildPhase;
			buildActionMask = 2147483647;
			files = (
			);
			runOnlyForDeploymentPostprocessing = 0;
		};
		CC7364442B4203BD00CA1B09 /* Resources */ = {
			isa = PBXResourcesBuildPhase;
			buildActionMask = 2147483647;
			files = (
			);
			runOnlyForDeploymentPostprocessing = 0;
		};
/* End PBXResourcesBuildPhase section */

/* Begin PBXSourcesBuildPhase section */
		CC7364242B4203BD00CA1B09 /* Sources */ = {
			isa = PBXSourcesBuildPhase;
			buildActionMask = 2147483647;
			files = (
				CC73642E2B4203BD00CA1B09 /* ContentView.swift in Sources */,
				CC7364302B4203BD00CA1B09 /* Item.swift in Sources */,
				CC73642C2B4203BD00CA1B09 /* MeetMeApp.swift in Sources */,
			);
			runOnlyForDeploymentPostprocessing = 0;
		};
		CC7364382B4203BD00CA1B09 /* Sources */ = {
			isa = PBXSourcesBuildPhase;
			buildActionMask = 2147483647;
			files = (
				CC7364412B4203BD00CA1B09 /* MeetMeTests.swift in Sources */,
			);
			runOnlyForDeploymentPostprocessing = 0;
		};
		CC7364422B4203BD00CA1B09 /* Sources */ = {
			isa = PBXSourcesBuildPhase;
			buildActionMask = 2147483647;
			files = (
				CC73644B2B4203BD00CA1B09 /* MeetMeUITests.swift in Sources */,
				CC73644D2B4203BD00CA1B09 /* MeetMeUITestsLaunchTests.swift in Sources */,
			);
			runOnlyForDeploymentPostprocessing = 0;
		};
/* End PBXSourcesBuildPhase section */

/* Begin PBXTargetDependency section */
		CC73643E2B4203BD00CA1B09 /* PBXTargetDependency */ = {
			isa = PBXTargetDependency;
			target = CC7364272B4203BD00CA1B09 /* MeetMe */;
			targetProxy = CC73643D2B4203BD00CA1B09 /* PBXContainerItemProxy */;
		};
		CC7364482B4203BD00CA1B09 /* PBXTargetDependency */ = {
			isa = PBXTargetDependency;
			target = CC7364272B4203BD00CA1B09 /* MeetMe */;
			targetProxy = CC7364472B4203BD00CA1B09 /* PBXContainerItemProxy */;
		};
/* End PBXTargetDependency section */

/* Begin XCBuildConfiguration section */
		CC73644E2B4203BD00CA1B09 /* Debug */ = {
			isa = XCBuildConfiguration;
			buildSettings = {
				ALWAYS_SEARCH_USER_PATHS = NO;
				ASSETCATALOG_COMPILER_GENERATE_SWIFT_ASSET_SYMBOL_EXTENSIONS = YES;
				CLANG_ANALYZER_NONNULL = YES;
				CLANG_ANALYZER_NUMBER_OBJECT_CONVERSION = YES_AGGRESSIVE;
				CLANG_CXX_LANGUAGE_STANDARD = "gnu++20";
				CLANG_ENABLE_MODULES = YES;
				CLANG_ENABLE_OBJC_ARC = YES;
				CLANG_ENABLE_OBJC_WEAK = YES;
				CLANG_WARN_BLOCK_CAPTURE_AUTORELEASING = YES;
				CLANG_WARN_BOOL_CONVERSION = YES;
				CLANG_WARN_COMMA = YES;
				CLANG_WARN_CONSTANT_CONVERSION = YES;
				CLANG_WARN_DEPRECATED_OBJC_IMPLEMENTATIONS = YES;
				CLANG_WARN_DIRECT_OBJC_ISA_USAGE = YES_ERROR;
				CLANG_WARN_DOCUMENTATION_COMMENTS = YES;
				CLANG_WARN_EMPTY_BODY = YES;
				CLANG_WARN_ENUM_CONVERSION = YES;
				CLANG_WARN_INFINITE_RECURSION = YES;
				CLANG_WARN_INT_CONVERSION = YES;
				CLANG_WARN_NON_LITERAL_NULL_CONVERSION = YES;
				CLANG_WARN_OBJC_IMPLICIT_RETAIN_SELF = YES;
				CLANG_WARN_OBJC_LITERAL_CONVERSION = YES;
				CLANG_WARN_OBJC_ROOT_CLASS = YES_ERROR;
				CLANG_WARN_QUOTED_INCLUDE_IN_FRAMEWORK_HEADER = YES;
				CLANG_WARN_RANGE_LOOP_ANALYSIS = YES;
				CLANG_WARN_STRICT_PROTOTYPES = YES;
				CLANG_WARN_SUSPICIOUS_MOVE = YES;
				CLANG_WARN_UNGUARDED_AVAILABILITY = YES_AGGRESSIVE;
				CLANG_WARN_UNREACHABLE_CODE = YES;
				CLANG_WARN__DUPLICATE_METHOD_MATCH = YES;
				COPY_PHASE_STRIP = NO;
				DEBUG_INFORMATION_FORMAT = dwarf;
				ENABLE_STRICT_OBJC_MSGSEND = YES;
				ENABLE_TESTABILITY = YES;
				ENABLE_USER_SCRIPT_SANDBOXING = YES;
				GCC_C_LANGUAGE_STANDARD = gnu17;
				GCC_DYNAMIC_NO_PIC = NO;
				GCC_NO_COMMON_BLOCKS = YES;
				GCC_OPTIMIZATION_LEVEL = 0;
				GCC_PREPROCESSOR_DEFINITIONS = (
					"DEBUG=1",
					"$(inherited)",
				);
				GCC_WARN_64_TO_32_BIT_CONVERSION = YES;
				GCC_WARN_ABOUT_RETURN_TYPE = YES_ERROR;
				GCC_WARN_UNDECLARED_SELECTOR = YES;
				GCC_WARN_UNINITIALIZED_AUTOS = YES_AGGRESSIVE;
				GCC_WARN_UNUSED_FUNCTION = YES;
				GCC_WARN_UNUSED_VARIABLE = YES;
				LOCALIZATION_PREFERS_STRING_CATALOGS = YES;
				MTL_ENABLE_DEBUG_INFO = INCLUDE_SOURCE;
				MTL_FAST_MATH = YES;
				ONLY_ACTIVE_ARCH = YES;
				SWIFT_ACTIVE_COMPILATION_CONDITIONS = "DEBUG $(inherited)";
				SWIFT_OPTIMIZATION_LEVEL = "-Onone";
			};
			name = Debug;
		};
		CC73644F2B4203BD00CA1B09 /* Release */ = {
			isa = XCBuildConfiguration;
			buildSettings = {
				ALWAYS_SEARCH_USER_PATHS = NO;
				ASSETCATALOG_COMPILER_GENERATE_SWIFT_ASSET_SYMBOL_EXTENSIONS = YES;
				CLANG_ANALYZER_NONNULL = YES;
				CLANG_ANALYZER_NUMBER_OBJECT_CONVERSION = YES_AGGRESSIVE;
				CLANG_CXX_LANGUAGE_STANDARD = "gnu++20";
				CLANG_ENABLE_MODULES = YES;
				CLANG_ENABLE_OBJC_ARC = YES;
				CLANG_ENABLE_OBJC_WEAK = YES;
				CLANG_WARN_BLOCK_CAPTURE_AUTORELEASING = YES;
				CLANG_WARN_BOOL_CONVERSION = YES;
				CLANG_WARN_COMMA = YES;
				CLANG_WARN_CONSTANT_CONVERSION = YES;
				CLANG_WARN_DEPRECATED_OBJC_IMPLEMENTATIONS = YES;
				CLANG_WARN_DIRECT_OBJC_ISA_USAGE = YES_ERROR;
				CLANG_WARN_DOCUMENTATION_COMMENTS = YES;
				CLANG_WARN_EMPTY_BODY = YES;
				CLANG_WARN_ENUM_CONVERSION = YES;
				CLANG_WARN_INFINITE_RECURSION = YES;
				CLANG_WARN_INT_CONVERSION = YES;
				CLANG_WARN_NON_LITERAL_NULL_CONVERSION = YES;
				CLANG_WARN_OBJC_IMPLICIT_RETAIN_SELF = YES;
				CLANG_WARN_OBJC_LITERAL_CONVERSION = YES;
				CLANG_WARN_OBJC_ROOT_CLASS = YES_ERROR;
				CLANG_WARN_QUOTED_INCLUDE_IN_FRAMEWORK_HEADER = YES;
				CLANG_WARN_RANGE_LOOP_ANALYSIS = YES;
				CLANG_WARN_STRICT_PROTOTYPES = YES;
				CLANG_WARN_SUSPICIOUS_MOVE = YES;
				CLANG_WARN_UNGUARDED_AVAILABILITY = YES_AGGRESSIVE;
				CLANG_WARN_UNREACHABLE_CODE = YES;
				CLANG_WARN__DUPLICATE_METHOD_MATCH = YES;
				COPY_PHASE_STRIP = NO;
				DEBUG_INFORMATION_FORMAT = "dwarf-with-dsym";
				ENABLE_NS_ASSERTIONS = NO;
				ENABLE_STRICT_OBJC_MSGSEND = YES;
				ENABLE_USER_SCRIPT_SANDBOXING = YES;
				GCC_C_LANGUAGE_STANDARD = gnu17;
				GCC_NO_COMMON_BLOCKS = YES;
				GCC_WARN_64_TO_32_BIT_CONVERSION = YES;
				GCC_WARN_ABOUT_RETURN_TYPE = YES_ERROR;
				GCC_WARN_UNDECLARED_SELECTOR = YES;
				GCC_WARN_UNINITIALIZED_AUTOS = YES_AGGRESSIVE;
				GCC_WARN_UNUSED_FUNCTION = YES;
				GCC_WARN_UNUSED_VARIABLE = YES;
				LOCALIZATION_PREFERS_STRING_CATALOGS = YES;
				MTL_ENABLE_DEBUG_INFO = NO;
				MTL_FAST_MATH = YES;
				SWIFT_COMPILATION_MODE = wholemodule;
			};
			name = Release;
		};
		CC7364512B4203BD00CA1B09 /* Debug */ = {
			isa = XCBuildConfiguration;
			buildSettings = {
				ASSETCATALOG_COMPILER_APPICON_NAME = AppIcon;
				ASSETCATALOG_COMPILER_GLOBAL_ACCENT_COLOR_NAME = AccentColor;
				CODE_SIGN_ENTITLEMENTS = MeetMe/MeetMe.entitlements;
				CODE_SIGN_STYLE = Automatic;
				CURRENT_PROJECT_VERSION = 1;
				DEVELOPMENT_ASSET_PATHS = "\"MeetMe/Preview Content\"";
				DEVELOPMENT_TEAM = 88QL9VPLMY;
				ENABLE_HARDENED_RUNTIME = YES;
				ENABLE_PREVIEWS = YES;
				GENERATE_INFOPLIST_FILE = YES;
				INFOPLIST_FILE = MeetMe/Info.plist;
				"INFOPLIST_KEY_UIApplicationSceneManifest_Generation[sdk=iphoneos*]" = YES;
				"INFOPLIST_KEY_UIApplicationSceneManifest_Generation[sdk=iphonesimulator*]" = YES;
				"INFOPLIST_KEY_UIApplicationSupportsIndirectInputEvents[sdk=iphoneos*]" = YES;
				"INFOPLIST_KEY_UIApplicationSupportsIndirectInputEvents[sdk=iphonesimulator*]" = YES;
				"INFOPLIST_KEY_UILaunchScreen_Generation[sdk=iphoneos*]" = YES;
				"INFOPLIST_KEY_UILaunchScreen_Generation[sdk=iphonesimulator*]" = YES;
				"INFOPLIST_KEY_UIStatusBarStyle[sdk=iphoneos*]" = UIStatusBarStyleDefault;
				"INFOPLIST_KEY_UIStatusBarStyle[sdk=iphonesimulator*]" = UIStatusBarStyleDefault;
				INFOPLIST_KEY_UISupportedInterfaceOrientations_iPad = "UIInterfaceOrientationPortrait UIInterfaceOrientationPortraitUpsideDown UIInterfaceOrientationLandscapeLeft UIInterfaceOrientationLandscapeRight";
				INFOPLIST_KEY_UISupportedInterfaceOrientations_iPhone = "UIInterfaceOrientationPortrait UIInterfaceOrientationLandscapeLeft UIInterfaceOrientationLandscapeRight";
				IPHONEOS_DEPLOYMENT_TARGET = 17.2;
				LD_RUNPATH_SEARCH_PATHS = "@executable_path/Frameworks";
				"LD_RUNPATH_SEARCH_PATHS[sdk=macosx*]" = "@executable_path/../Frameworks";
				MACOSX_DEPLOYMENT_TARGET = 14.0;
				MARKETING_VERSION = 1.0;
				PRODUCT_BUNDLE_IDENTIFIER = com.transfinite.MeetMe;
				PRODUCT_NAME = "$(TARGET_NAME)";
				SDKROOT = auto;
				SUPPORTED_PLATFORMS = "iphoneos iphonesimulator macosx";
				SWIFT_EMIT_LOC_STRINGS = YES;
				SWIFT_VERSION = 5.0;
				TARGETED_DEVICE_FAMILY = "1,2";
			};
			name = Debug;
		};
		CC7364522B4203BD00CA1B09 /* Release */ = {
			isa = XCBuildConfiguration;
			buildSettings = {
				ASSETCATALOG_COMPILER_APPICON_NAME = AppIcon;
				ASSETCATALOG_COMPILER_GLOBAL_ACCENT_COLOR_NAME = AccentColor;
				CODE_SIGN_ENTITLEMENTS = MeetMe/MeetMe.entitlements;
				CODE_SIGN_STYLE = Automatic;
				CURRENT_PROJECT_VERSION = 1;
				DEVELOPMENT_ASSET_PATHS = "\"MeetMe/Preview Content\"";
				DEVELOPMENT_TEAM = 88QL9VPLMY;
				ENABLE_HARDENED_RUNTIME = YES;
				ENABLE_PREVIEWS = YES;
				GENERATE_INFOPLIST_FILE = YES;
				INFOPLIST_FILE = MeetMe/Info.plist;
				"INFOPLIST_KEY_UIApplicationSceneManifest_Generation[sdk=iphoneos*]" = YES;
				"INFOPLIST_KEY_UIApplicationSceneManifest_Generation[sdk=iphonesimulator*]" = YES;
				"INFOPLIST_KEY_UIApplicationSupportsIndirectInputEvents[sdk=iphoneos*]" = YES;
				"INFOPLIST_KEY_UIApplicationSupportsIndirectInputEvents[sdk=iphonesimulator*]" = YES;
				"INFOPLIST_KEY_UILaunchScreen_Generation[sdk=iphoneos*]" = YES;
				"INFOPLIST_KEY_UILaunchScreen_Generation[sdk=iphonesimulator*]" = YES;
				"INFOPLIST_KEY_UIStatusBarStyle[sdk=iphoneos*]" = UIStatusBarStyleDefault;
				"INFOPLIST_KEY_UIStatusBarStyle[sdk=iphonesimulator*]" = UIStatusBarStyleDefault;
				INFOPLIST_KEY_UISupportedInterfaceOrientations_iPad = "UIInterfaceOrientationPortrait UIInterfaceOrientationPortraitUpsideDown UIInterfaceOrientationLandscapeLeft UIInterfaceOrientationLandscapeRight";
				INFOPLIST_KEY_UISupportedInterfaceOrientations_iPhone = "UIInterfaceOrientationPortrait UIInterfaceOrientationLandscapeLeft UIInterfaceOrientationLandscapeRight";
				IPHONEOS_DEPLOYMENT_TARGET = 17.2;
				LD_RUNPATH_SEARCH_PATHS = "@executable_path/Frameworks";
				"LD_RUNPATH_SEARCH_PATHS[sdk=macosx*]" = "@executable_path/../Frameworks";
				MACOSX_DEPLOYMENT_TARGET = 14.0;
				MARKETING_VERSION = 1.0;
				PRODUCT_BUNDLE_IDENTIFIER = com.transfinite.MeetMe;
				PRODUCT_NAME = "$(TARGET_NAME)";
				SDKROOT = auto;
				SUPPORTED_PLATFORMS = "iphoneos iphonesimulator macosx";
				SWIFT_EMIT_LOC_STRINGS = YES;
				SWIFT_VERSION = 5.0;
				TARGETED_DEVICE_FAMILY = "1,2";
			};
			name = Release;
		};
		CC7364542B4203BD00CA1B09 /* Debug */ = {
			isa = XCBuildConfiguration;
			buildSettings = {
				ALWAYS_EMBED_SWIFT_STANDARD_LIBRARIES = YES;
				BUNDLE_LOADER = "$(TEST_HOST)";
				CODE_SIGN_STYLE = Automatic;
				CURRENT_PROJECT_VERSION = 1;
				DEVELOPMENT_TEAM = 88QL9VPLMY;
				GENERATE_INFOPLIST_FILE = YES;
				IPHONEOS_DEPLOYMENT_TARGET = 17.2;
				MACOSX_DEPLOYMENT_TARGET = 14.2;
				MARKETING_VERSION = 1.0;
				PRODUCT_BUNDLE_IDENTIFIER = com.transfinite.MeetMeTests;
				PRODUCT_NAME = "$(TARGET_NAME)";
				SDKROOT = auto;
				SUPPORTED_PLATFORMS = "iphoneos iphonesimulator macosx";
				SWIFT_EMIT_LOC_STRINGS = NO;
				SWIFT_VERSION = 5.0;
				TARGETED_DEVICE_FAMILY = "1,2";
				TEST_HOST = "$(BUILT_PRODUCTS_DIR)/MeetMe.app/$(BUNDLE_EXECUTABLE_FOLDER_PATH)/MeetMe";
			};
			name = Debug;
		};
		CC7364552B4203BD00CA1B09 /* Release */ = {
			isa = XCBuildConfiguration;
			buildSettings = {
				ALWAYS_EMBED_SWIFT_STANDARD_LIBRARIES = YES;
				BUNDLE_LOADER = "$(TEST_HOST)";
				CODE_SIGN_STYLE = Automatic;
				CURRENT_PROJECT_VERSION = 1;
				DEVELOPMENT_TEAM = 88QL9VPLMY;
				GENERATE_INFOPLIST_FILE = YES;
				IPHONEOS_DEPLOYMENT_TARGET = 17.2;
				MACOSX_DEPLOYMENT_TARGET = 14.2;
				MARKETING_VERSION = 1.0;
				PRODUCT_BUNDLE_IDENTIFIER = com.transfinite.MeetMeTests;
				PRODUCT_NAME = "$(TARGET_NAME)";
				SDKROOT = auto;
				SUPPORTED_PLATFORMS = "iphoneos iphonesimulator macosx";
				SWIFT_EMIT_LOC_STRINGS = NO;
				SWIFT_VERSION = 5.0;
				TARGETED_DEVICE_FAMILY = "1,2";
				TEST_HOST = "$(BUILT_PRODUCTS_DIR)/MeetMe.app/$(BUNDLE_EXECUTABLE_FOLDER_PATH)/MeetMe";
			};
			name = Release;
		};
		CC7364572B4203BD00CA1B09 /* Debug */ = {
			isa = XCBuildConfiguration;
			buildSettings = {
				ALWAYS_EMBED_SWIFT_STANDARD_LIBRARIES = YES;
				CODE_SIGN_STYLE = Automatic;
				CURRENT_PROJECT_VERSION = 1;
				DEVELOPMENT_TEAM = 88QL9VPLMY;
				GENERATE_INFOPLIST_FILE = YES;
				IPHONEOS_DEPLOYMENT_TARGET = 17.2;
				MACOSX_DEPLOYMENT_TARGET = 14.2;
				MARKETING_VERSION = 1.0;
				PRODUCT_BUNDLE_IDENTIFIER = com.transfinite.MeetMeUITests;
				PRODUCT_NAME = "$(TARGET_NAME)";
				SDKROOT = auto;
				SUPPORTED_PLATFORMS = "iphoneos iphonesimulator macosx";
				SWIFT_EMIT_LOC_STRINGS = NO;
				SWIFT_VERSION = 5.0;
				TARGETED_DEVICE_FAMILY = "1,2";
				TEST_TARGET_NAME = MeetMe;
			};
			name = Debug;
		};
		CC7364582B4203BD00CA1B09 /* Release */ = {
			isa = XCBuildConfiguration;
			buildSettings = {
				ALWAYS_EMBED_SWIFT_STANDARD_LIBRARIES = YES;
				CODE_SIGN_STYLE = Automatic;
				CURRENT_PROJECT_VERSION = 1;
				DEVELOPMENT_TEAM = 88QL9VPLMY;
				GENERATE_INFOPLIST_FILE = YES;
				IPHONEOS_DEPLOYMENT_TARGET = 17.2;
				MACOSX_DEPLOYMENT_TARGET = 14.2;
				MARKETING_VERSION = 1.0;
				PRODUCT_BUNDLE_IDENTIFIER = com.transfinite.MeetMeUITests;
				PRODUCT_NAME = "$(TARGET_NAME)";
				SDKROOT = auto;
				SUPPORTED_PLATFORMS = "iphoneos iphonesimulator macosx";
				SWIFT_EMIT_LOC_STRINGS = NO;
				SWIFT_VERSION = 5.0;
				TARGETED_DEVICE_FAMILY = "1,2";
				TEST_TARGET_NAME = MeetMe;
			};
			name = Release;
		};
/* End XCBuildConfiguration section */

/* Begin XCConfigurationList section */
		CC7364232B4203BD00CA1B09 /* Build configuration list for PBXProject "MeetMe" */ = {
			isa = XCConfigurationList;
			buildConfigurations = (
				CC73644E2B4203BD00CA1B09 /* Debug */,
				CC73644F2B4203BD00CA1B09 /* Release */,
			);
			defaultConfigurationIsVisible = 0;
			defaultConfigurationName = Release;
		};
		CC7364502B4203BD00CA1B09 /* Build configuration list for PBXNativeTarget "MeetMe" */ = {
			isa = XCConfigurationList;
			buildConfigurations = (
				CC7364512B4203BD00CA1B09 /* Debug */,
				CC7364522B4203BD00CA1B09 /* Release */,
			);
			defaultConfigurationIsVisible = 0;
			defaultConfigurationName = Release;
		};
		CC7364532B4203BD00CA1B09 /* Build configuration list for PBXNativeTarget "MeetMeTests" */ = {
			isa = XCConfigurationList;
			buildConfigurations = (
				CC7364542B4203BD00CA1B09 /* Debug */,
				CC7364552B4203BD00CA1B09 /* Release */,
			);
			defaultConfigurationIsVisible = 0;
			defaultConfigurationName = Release;
		};
		CC7364562B4203BD00CA1B09 /* Build configuration list for PBXNativeTarget "MeetMeUITests" */ = {
			isa = XCConfigurationList;
			buildConfigurations = (
				CC7364572B4203BD00CA1B09 /* Debug */,
				CC7364582B4203BD00CA1B09 /* Release */,
			);
			defaultConfigurationIsVisible = 0;
			defaultConfigurationName = Release;
		};
/* End XCConfigurationList section */
	};
	rootObject = CC7364202B4203BD00CA1B09 /* Project object */;
}
