// !$*UTF8*$!
{
	archiveVersion = 1;
	classes = {
	};
	objectVersion = 56;
	objects = {

/* Begin PBXBuildFile section */
		CC3ADEC82B4306E900284819 /* PrefersTabNavigationEnvironmentKey.swift in Sources */ = {isa = PBXBuildFile; fileRef = CC3ADEC72B4306E900284819 /* PrefersTabNavigationEnvironmentKey.swift */; };
		CC3ADECA2B4307F300284819 /* AppTabView.swift in Sources */ = {isa = PBXBuildFile; fileRef = CC3ADEC92B4307F300284819 /* AppTabView.swift */; };
		CC3ADECD2B430C0300284819 /* DataModel.swift in Sources */ = {isa = PBXBuildFile; fileRef = CC3ADECC2B430C0300284819 /* DataModel.swift */; };
		CC73642C2B4203BD00CA1B09 /* MeetMeApp.swift in Sources */ = {isa = PBXBuildFile; fileRef = CC73642B2B4203BD00CA1B09 /* MeetMeApp.swift */; };
		CC73642E2B4203BD00CA1B09 /* ContentView.swift in Sources */ = {isa = PBXBuildFile; fileRef = CC73642D2B4203BD00CA1B09 /* ContentView.swift */; };
		CC7364322B4203BD00CA1B09 /* Assets.xcassets in Resources */ = {isa = PBXBuildFile; fileRef = CC7364312B4203BD00CA1B09 /* Assets.xcassets */; };
		CC7364362B4203BD00CA1B09 /* Preview Assets.xcassets in Resources */ = {isa = PBXBuildFile; fileRef = CC7364352B4203BD00CA1B09 /* Preview Assets.xcassets */; };
		CC7364412B4203BD00CA1B09 /* MeetMeTests.swift in Sources */ = {isa = PBXBuildFile; fileRef = CC7364402B4203BD00CA1B09 /* MeetMeTests.swift */; };
		CC73644B2B4203BD00CA1B09 /* MeetMeUITests.swift in Sources */ = {isa = PBXBuildFile; fileRef = CC73644A2B4203BD00CA1B09 /* MeetMeUITests.swift */; };
		CC73644D2B4203BD00CA1B09 /* MeetMeUITestsLaunchTests.swift in Sources */ = {isa = PBXBuildFile; fileRef = CC73644C2B4203BD00CA1B09 /* MeetMeUITestsLaunchTests.swift */; };
		CC7364602B42040F00CA1B09 /* WidgetKit.framework in Frameworks */ = {isa = PBXBuildFile; fileRef = CC73645F2B42040F00CA1B09 /* WidgetKit.framework */; };
		CC7364622B42040F00CA1B09 /* SwiftUI.framework in Frameworks */ = {isa = PBXBuildFile; fileRef = CC7364612B42040F00CA1B09 /* SwiftUI.framework */; };
		CC7364652B42040F00CA1B09 /* MeetMeWidgetBundle.swift in Sources */ = {isa = PBXBuildFile; fileRef = CC7364642B42040F00CA1B09 /* MeetMeWidgetBundle.swift */; };
		CC7364672B42040F00CA1B09 /* MeetMeWidgetLiveActivity.swift in Sources */ = {isa = PBXBuildFile; fileRef = CC7364662B42040F00CA1B09 /* MeetMeWidgetLiveActivity.swift */; };
		CC7364692B42040F00CA1B09 /* MeetMeWidget.swift in Sources */ = {isa = PBXBuildFile; fileRef = CC7364682B42040F00CA1B09 /* MeetMeWidget.swift */; };
		CC73646B2B42040F00CA1B09 /* AppIntent.swift in Sources */ = {isa = PBXBuildFile; fileRef = CC73646A2B42040F00CA1B09 /* AppIntent.swift */; };
		CC73646D2B42041000CA1B09 /* Assets.xcassets in Resources */ = {isa = PBXBuildFile; fileRef = CC73646C2B42041000CA1B09 /* Assets.xcassets */; };
		CC7364712B42041000CA1B09 /* MeetMeWidgetExtension.appex in Embed Foundation Extensions */ = {isa = PBXBuildFile; fileRef = CC73645D2B42040F00CA1B09 /* MeetMeWidgetExtension.appex */; settings = {ATTRIBUTES = (RemoveHeadersOnCopy, ); }; };
		CC73647F2B42047900CA1B09 /* ContentView.swift in Sources */ = {isa = PBXBuildFile; fileRef = CC73647E2B42047900CA1B09 /* ContentView.swift */; };
		CC7364812B42047A00CA1B09 /* Assets.xcassets in Resources */ = {isa = PBXBuildFile; fileRef = CC7364802B42047A00CA1B09 /* Assets.xcassets */; };
		CC7364842B42047A00CA1B09 /* Preview Assets.xcassets in Resources */ = {isa = PBXBuildFile; fileRef = CC7364832B42047A00CA1B09 /* Preview Assets.xcassets */; };
		CC73648E2B42047A00CA1B09 /* WatchMeetMe_Watch_AppTests.swift in Sources */ = {isa = PBXBuildFile; fileRef = CC73648D2B42047A00CA1B09 /* WatchMeetMe_Watch_AppTests.swift */; };
		CC7364982B42047A00CA1B09 /* WatchMeetMe_Watch_AppUITests.swift in Sources */ = {isa = PBXBuildFile; fileRef = CC7364972B42047A00CA1B09 /* WatchMeetMe_Watch_AppUITests.swift */; };
		CC73649A2B42047A00CA1B09 /* WatchMeetMe_Watch_AppUITestsLaunchTests.swift in Sources */ = {isa = PBXBuildFile; fileRef = CC7364992B42047A00CA1B09 /* WatchMeetMe_Watch_AppUITestsLaunchTests.swift */; };
		CC73649D2B42047A00CA1B09 /* WatchMeetMe Watch App.app in Embed Watch Content */ = {isa = PBXBuildFile; fileRef = CC73647A2B42047900CA1B09 /* WatchMeetMe Watch App.app */; settings = {ATTRIBUTES = (RemoveHeadersOnCopy, ); }; };
		CC7364B02B4207F600CA1B09 /* Person.swift in Sources */ = {isa = PBXBuildFile; fileRef = CC7364AF2B4207F600CA1B09 /* Person.swift */; };
		CC7364B42B42087900CA1B09 /* PeopleView.swift in Sources */ = {isa = PBXBuildFile; fileRef = CC7364B32B42087900CA1B09 /* PeopleView.swift */; };
		CC7364B72B4208A000CA1B09 /* Person+Extension.swift in Sources */ = {isa = PBXBuildFile; fileRef = CC7364B62B4208A000CA1B09 /* Person+Extension.swift */; };
		CC7364BA2B4208FB00CA1B09 /* Event.swift in Sources */ = {isa = PBXBuildFile; fileRef = CC7364B92B4208FB00CA1B09 /* Event.swift */; };
		CC7364BE2B420A0A00CA1B09 /* Event+Extension.swift in Sources */ = {isa = PBXBuildFile; fileRef = CC7364BD2B420A0A00CA1B09 /* Event+Extension.swift */; };
		CC7364C32B420BF400CA1B09 /* PreviewData.swift in Sources */ = {isa = PBXBuildFile; fileRef = CC7364C22B420BF400CA1B09 /* PreviewData.swift */; };
		CC7364C92B420F7900CA1B09 /* PersonEditor.swift in Sources */ = {isa = PBXBuildFile; fileRef = CC7364C82B420F7900CA1B09 /* PersonEditor.swift */; };
		CC7364D42B4227CB00CA1B09 /* EventEditor.swift in Sources */ = {isa = PBXBuildFile; fileRef = CC7364D32B4227CB00CA1B09 /* EventEditor.swift */; };
		CC7364D82B4230D800CA1B09 /* PersonDetailView.swift in Sources */ = {isa = PBXBuildFile; fileRef = CC7364D72B4230D800CA1B09 /* PersonDetailView.swift */; };
		CC7364DA2B429D1600CA1B09 /* AppScreen.swift in Sources */ = {isa = PBXBuildFile; fileRef = CC7364D92B429D1600CA1B09 /* AppScreen.swift */; };
		CC7364DC2B429E2B00CA1B09 /* EventDetailView.swift in Sources */ = {isa = PBXBuildFile; fileRef = CC7364DB2B429E2B00CA1B09 /* EventDetailView.swift */; };
		CC7364DE2B429F0F00CA1B09 /* EventsView.swift in Sources */ = {isa = PBXBuildFile; fileRef = CC7364DD2B429F0F00CA1B09 /* EventsView.swift */; };
		CC7364E22B42A04800CA1B09 /* AppSidebarList.swift in Sources */ = {isa = PBXBuildFile; fileRef = CC7364E12B42A04800CA1B09 /* AppSidebarList.swift */; };
		CC7364E52B42AAE500CA1B09 /* AppContentColumn.swift in Sources */ = {isa = PBXBuildFile; fileRef = CC7364E42B42AAE500CA1B09 /* AppContentColumn.swift */; };
		CC7364E72B42AB6100CA1B09 /* AppDetailColumn.swift in Sources */ = {isa = PBXBuildFile; fileRef = CC7364E62B42AB6100CA1B09 /* AppDetailColumn.swift */; };
/* End PBXBuildFile section */

/* Begin PBXContainerItemProxy section */
		CC73643D2B4203BD00CA1B09 /* PBXContainerItemProxy */ = {
			isa = PBXContainerItemProxy;
			containerPortal = CC7364202B4203BD00CA1B09 /* Project object */;
			proxyType = 1;
			remoteGlobalIDString = CC7364272B4203BD00CA1B09;
			remoteInfo = MeetMe;
		};
		CC7364472B4203BD00CA1B09 /* PBXContainerItemProxy */ = {
			isa = PBXContainerItemProxy;
			containerPortal = CC7364202B4203BD00CA1B09 /* Project object */;
			proxyType = 1;
			remoteGlobalIDString = CC7364272B4203BD00CA1B09;
			remoteInfo = MeetMe;
		};
		CC73646F2B42041000CA1B09 /* PBXContainerItemProxy */ = {
			isa = PBXContainerItemProxy;
			containerPortal = CC7364202B4203BD00CA1B09 /* Project object */;
			proxyType = 1;
			remoteGlobalIDString = CC73645C2B42040F00CA1B09;
			remoteInfo = MeetMeWidgetExtension;
		};
		CC73648A2B42047A00CA1B09 /* PBXContainerItemProxy */ = {
			isa = PBXContainerItemProxy;
			containerPortal = CC7364202B4203BD00CA1B09 /* Project object */;
			proxyType = 1;
			remoteGlobalIDString = CC7364792B42047900CA1B09;
			remoteInfo = "WatchMeetMe Watch App";
		};
		CC7364942B42047A00CA1B09 /* PBXContainerItemProxy */ = {
			isa = PBXContainerItemProxy;
			containerPortal = CC7364202B4203BD00CA1B09 /* Project object */;
			proxyType = 1;
			remoteGlobalIDString = CC7364792B42047900CA1B09;
			remoteInfo = "WatchMeetMe Watch App";
		};
		CC73649B2B42047A00CA1B09 /* PBXContainerItemProxy */ = {
			isa = PBXContainerItemProxy;
			containerPortal = CC7364202B4203BD00CA1B09 /* Project object */;
			proxyType = 1;
			remoteGlobalIDString = CC7364792B42047900CA1B09;
			remoteInfo = "WatchMeetMe Watch App";
		};
/* End PBXContainerItemProxy section */

/* Begin PBXCopyFilesBuildPhase section */
		CC7364752B42041000CA1B09 /* Embed Foundation Extensions */ = {
			isa = PBXCopyFilesBuildPhase;
			buildActionMask = 2147483647;
			dstPath = "";
			dstSubfolderSpec = 13;
			files = (
				CC7364712B42041000CA1B09 /* MeetMeWidgetExtension.appex in Embed Foundation Extensions */,
			);
			name = "Embed Foundation Extensions";
			runOnlyForDeploymentPostprocessing = 0;
		};
		CC7364A12B42047A00CA1B09 /* Embed Watch Content */ = {
			isa = PBXCopyFilesBuildPhase;
			buildActionMask = 2147483647;
			dstPath = "$(CONTENTS_FOLDER_PATH)/Watch";
			dstSubfolderSpec = 16;
			files = (
				CC73649D2B42047A00CA1B09 /* WatchMeetMe Watch App.app in Embed Watch Content */,
			);
			name = "Embed Watch Content";
			runOnlyForDeploymentPostprocessing = 0;
		};
/* End PBXCopyFilesBuildPhase section */

/* Begin PBXFileReference section */
		CC3ADEC72B4306E900284819 /* PrefersTabNavigationEnvironmentKey.swift */ = {isa = PBXFileReference; lastKnownFileType = sourcecode.swift; path = PrefersTabNavigationEnvironmentKey.swift; sourceTree = "<group>"; };
		CC3ADEC92B4307F300284819 /* AppTabView.swift */ = {isa = PBXFileReference; lastKnownFileType = sourcecode.swift; path = AppTabView.swift; sourceTree = "<group>"; };
		CC3ADECC2B430C0300284819 /* DataModel.swift */ = {isa = PBXFileReference; lastKnownFileType = sourcecode.swift; path = DataModel.swift; sourceTree = "<group>"; };
		CC7364282B4203BD00CA1B09 /* MeetMe.app */ = {isa = PBXFileReference; explicitFileType = wrapper.application; includeInIndex = 0; path = MeetMe.app; sourceTree = BUILT_PRODUCTS_DIR; };
		CC73642B2B4203BD00CA1B09 /* MeetMeApp.swift */ = {isa = PBXFileReference; lastKnownFileType = sourcecode.swift; path = MeetMeApp.swift; sourceTree = "<group>"; };
		CC73642D2B4203BD00CA1B09 /* ContentView.swift */ = {isa = PBXFileReference; lastKnownFileType = sourcecode.swift; path = ContentView.swift; sourceTree = "<group>"; };
		CC7364312B4203BD00CA1B09 /* Assets.xcassets */ = {isa = PBXFileReference; lastKnownFileType = folder.assetcatalog; path = Assets.xcassets; sourceTree = "<group>"; };
		CC7364332B4203BD00CA1B09 /* MeetMe.entitlements */ = {isa = PBXFileReference; lastKnownFileType = text.plist.entitlements; path = MeetMe.entitlements; sourceTree = "<group>"; };
		CC7364352B4203BD00CA1B09 /* Preview Assets.xcassets */ = {isa = PBXFileReference; lastKnownFileType = folder.assetcatalog; path = "Preview Assets.xcassets"; sourceTree = "<group>"; };
		CC7364372B4203BD00CA1B09 /* Info.plist */ = {isa = PBXFileReference; lastKnownFileType = text.plist.xml; path = Info.plist; sourceTree = "<group>"; };
		CC73643C2B4203BD00CA1B09 /* MeetMeTests.xctest */ = {isa = PBXFileReference; explicitFileType = wrapper.cfbundle; includeInIndex = 0; path = MeetMeTests.xctest; sourceTree = BUILT_PRODUCTS_DIR; };
		CC7364402B4203BD00CA1B09 /* MeetMeTests.swift */ = {isa = PBXFileReference; lastKnownFileType = sourcecode.swift; path = MeetMeTests.swift; sourceTree = "<group>"; };
		CC7364462B4203BD00CA1B09 /* MeetMeUITests.xctest */ = {isa = PBXFileReference; explicitFileType = wrapper.cfbundle; includeInIndex = 0; path = MeetMeUITests.xctest; sourceTree = BUILT_PRODUCTS_DIR; };
		CC73644A2B4203BD00CA1B09 /* MeetMeUITests.swift */ = {isa = PBXFileReference; lastKnownFileType = sourcecode.swift; path = MeetMeUITests.swift; sourceTree = "<group>"; };
		CC73644C2B4203BD00CA1B09 /* MeetMeUITestsLaunchTests.swift */ = {isa = PBXFileReference; lastKnownFileType = sourcecode.swift; path = MeetMeUITestsLaunchTests.swift; sourceTree = "<group>"; };
		CC73645D2B42040F00CA1B09 /* MeetMeWidgetExtension.appex */ = {isa = PBXFileReference; explicitFileType = "wrapper.app-extension"; includeInIndex = 0; path = MeetMeWidgetExtension.appex; sourceTree = BUILT_PRODUCTS_DIR; };
		CC73645F2B42040F00CA1B09 /* WidgetKit.framework */ = {isa = PBXFileReference; lastKnownFileType = wrapper.framework; name = WidgetKit.framework; path = System/Library/Frameworks/WidgetKit.framework; sourceTree = SDKROOT; };
		CC7364612B42040F00CA1B09 /* SwiftUI.framework */ = {isa = PBXFileReference; lastKnownFileType = wrapper.framework; name = SwiftUI.framework; path = System/Library/Frameworks/SwiftUI.framework; sourceTree = SDKROOT; };
		CC7364642B42040F00CA1B09 /* MeetMeWidgetBundle.swift */ = {isa = PBXFileReference; lastKnownFileType = sourcecode.swift; path = MeetMeWidgetBundle.swift; sourceTree = "<group>"; };
		CC7364662B42040F00CA1B09 /* MeetMeWidgetLiveActivity.swift */ = {isa = PBXFileReference; lastKnownFileType = sourcecode.swift; path = MeetMeWidgetLiveActivity.swift; sourceTree = "<group>"; };
		CC7364682B42040F00CA1B09 /* MeetMeWidget.swift */ = {isa = PBXFileReference; lastKnownFileType = sourcecode.swift; path = MeetMeWidget.swift; sourceTree = "<group>"; };
		CC73646A2B42040F00CA1B09 /* AppIntent.swift */ = {isa = PBXFileReference; lastKnownFileType = sourcecode.swift; path = AppIntent.swift; sourceTree = "<group>"; };
		CC73646C2B42041000CA1B09 /* Assets.xcassets */ = {isa = PBXFileReference; lastKnownFileType = folder.assetcatalog; path = Assets.xcassets; sourceTree = "<group>"; };
		CC73646E2B42041000CA1B09 /* Info.plist */ = {isa = PBXFileReference; lastKnownFileType = text.plist.xml; path = Info.plist; sourceTree = "<group>"; };
		CC73647A2B42047900CA1B09 /* WatchMeetMe Watch App.app */ = {isa = PBXFileReference; explicitFileType = wrapper.application; includeInIndex = 0; path = "WatchMeetMe Watch App.app"; sourceTree = BUILT_PRODUCTS_DIR; };
		CC73647E2B42047900CA1B09 /* ContentView.swift */ = {isa = PBXFileReference; lastKnownFileType = sourcecode.swift; path = ContentView.swift; sourceTree = "<group>"; };
		CC7364802B42047A00CA1B09 /* Assets.xcassets */ = {isa = PBXFileReference; lastKnownFileType = folder.assetcatalog; path = Assets.xcassets; sourceTree = "<group>"; };
		CC7364832B42047A00CA1B09 /* Preview Assets.xcassets */ = {isa = PBXFileReference; lastKnownFileType = folder.assetcatalog; path = "Preview Assets.xcassets"; sourceTree = "<group>"; };
		CC7364892B42047A00CA1B09 /* WatchMeetMe Watch AppTests.xctest */ = {isa = PBXFileReference; explicitFileType = wrapper.cfbundle; includeInIndex = 0; path = "WatchMeetMe Watch AppTests.xctest"; sourceTree = BUILT_PRODUCTS_DIR; };
		CC73648D2B42047A00CA1B09 /* WatchMeetMe_Watch_AppTests.swift */ = {isa = PBXFileReference; lastKnownFileType = sourcecode.swift; path = WatchMeetMe_Watch_AppTests.swift; sourceTree = "<group>"; };
		CC7364932B42047A00CA1B09 /* WatchMeetMe Watch AppUITests.xctest */ = {isa = PBXFileReference; explicitFileType = wrapper.cfbundle; includeInIndex = 0; path = "WatchMeetMe Watch AppUITests.xctest"; sourceTree = BUILT_PRODUCTS_DIR; };
		CC7364972B42047A00CA1B09 /* WatchMeetMe_Watch_AppUITests.swift */ = {isa = PBXFileReference; lastKnownFileType = sourcecode.swift; path = WatchMeetMe_Watch_AppUITests.swift; sourceTree = "<group>"; };
		CC7364992B42047A00CA1B09 /* WatchMeetMe_Watch_AppUITestsLaunchTests.swift */ = {isa = PBXFileReference; lastKnownFileType = sourcecode.swift; path = WatchMeetMe_Watch_AppUITestsLaunchTests.swift; sourceTree = "<group>"; };
		CC7364AA2B42064300CA1B09 /* MeetMeWidgetExtension.entitlements */ = {isa = PBXFileReference; lastKnownFileType = text.plist.entitlements; path = MeetMeWidgetExtension.entitlements; sourceTree = "<group>"; };
		CC7364AB2B42068700CA1B09 /* WatchMeetMe Watch App.entitlements */ = {isa = PBXFileReference; lastKnownFileType = text.plist.entitlements; path = "WatchMeetMe Watch App.entitlements"; sourceTree = "<group>"; };
		CC7364AF2B4207F600CA1B09 /* Person.swift */ = {isa = PBXFileReference; lastKnownFileType = sourcecode.swift; path = Person.swift; sourceTree = "<group>"; };
		CC7364B32B42087900CA1B09 /* PeopleView.swift */ = {isa = PBXFileReference; lastKnownFileType = sourcecode.swift; path = PeopleView.swift; sourceTree = "<group>"; };
		CC7364B62B4208A000CA1B09 /* Person+Extension.swift */ = {isa = PBXFileReference; lastKnownFileType = sourcecode.swift; path = "Person+Extension.swift"; sourceTree = "<group>"; };
		CC7364B92B4208FB00CA1B09 /* Event.swift */ = {isa = PBXFileReference; lastKnownFileType = sourcecode.swift; path = Event.swift; sourceTree = "<group>"; };
		CC7364BD2B420A0A00CA1B09 /* Event+Extension.swift */ = {isa = PBXFileReference; lastKnownFileType = sourcecode.swift; path = "Event+Extension.swift"; sourceTree = "<group>"; };
		CC7364C22B420BF400CA1B09 /* PreviewData.swift */ = {isa = PBXFileReference; lastKnownFileType = sourcecode.swift; path = PreviewData.swift; sourceTree = "<group>"; };
		CC7364C82B420F7900CA1B09 /* PersonEditor.swift */ = {isa = PBXFileReference; lastKnownFileType = sourcecode.swift; path = PersonEditor.swift; sourceTree = "<group>"; };
		CC7364D32B4227CB00CA1B09 /* EventEditor.swift */ = {isa = PBXFileReference; lastKnownFileType = sourcecode.swift; path = EventEditor.swift; sourceTree = "<group>"; };
		CC7364D72B4230D800CA1B09 /* PersonDetailView.swift */ = {isa = PBXFileReference; lastKnownFileType = sourcecode.swift; path = PersonDetailView.swift; sourceTree = "<group>"; };
		CC7364D92B429D1600CA1B09 /* AppScreen.swift */ = {isa = PBXFileReference; lastKnownFileType = sourcecode.swift; path = AppScreen.swift; sourceTree = "<group>"; };
		CC7364DB2B429E2B00CA1B09 /* EventDetailView.swift */ = {isa = PBXFileReference; lastKnownFileType = sourcecode.swift; path = EventDetailView.swift; sourceTree = "<group>"; };
		CC7364DD2B429F0F00CA1B09 /* EventsView.swift */ = {isa = PBXFileReference; lastKnownFileType = sourcecode.swift; path = EventsView.swift; sourceTree = "<group>"; };
		CC7364E12B42A04800CA1B09 /* AppSidebarList.swift */ = {isa = PBXFileReference; lastKnownFileType = sourcecode.swift; path = AppSidebarList.swift; sourceTree = "<group>"; };
		CC7364E42B42AAE500CA1B09 /* AppContentColumn.swift */ = {isa = PBXFileReference; lastKnownFileType = sourcecode.swift; path = AppContentColumn.swift; sourceTree = "<group>"; };
		CC7364E62B42AB6100CA1B09 /* AppDetailColumn.swift */ = {isa = PBXFileReference; lastKnownFileType = sourcecode.swift; path = AppDetailColumn.swift; sourceTree = "<group>"; };
/* End PBXFileReference section */

/* Begin PBXFrameworksBuildPhase section */
		CC7364252B4203BD00CA1B09 /* Frameworks */ = {
			isa = PBXFrameworksBuildPhase;
			buildActionMask = 2147483647;
			files = (
			);
			runOnlyForDeploymentPostprocessing = 0;
		};
		CC7364392B4203BD00CA1B09 /* Frameworks */ = {
			isa = PBXFrameworksBuildPhase;
			buildActionMask = 2147483647;
			files = (
			);
			runOnlyForDeploymentPostprocessing = 0;
		};
		CC7364432B4203BD00CA1B09 /* Frameworks */ = {
			isa = PBXFrameworksBuildPhase;
			buildActionMask = 2147483647;
			files = (
			);
			runOnlyForDeploymentPostprocessing = 0;
		};
		CC73645A2B42040F00CA1B09 /* Frameworks */ = {
			isa = PBXFrameworksBuildPhase;
			buildActionMask = 2147483647;
			files = (
				CC7364622B42040F00CA1B09 /* SwiftUI.framework in Frameworks */,
				CC7364602B42040F00CA1B09 /* WidgetKit.framework in Frameworks */,
			);
			runOnlyForDeploymentPostprocessing = 0;
		};
		CC7364772B42047900CA1B09 /* Frameworks */ = {
			isa = PBXFrameworksBuildPhase;
			buildActionMask = 2147483647;
			files = (
			);
			runOnlyForDeploymentPostprocessing = 0;
		};
		CC7364862B42047A00CA1B09 /* Frameworks */ = {
			isa = PBXFrameworksBuildPhase;
			buildActionMask = 2147483647;
			files = (
			);
			runOnlyForDeploymentPostprocessing = 0;
		};
		CC7364902B42047A00CA1B09 /* Frameworks */ = {
			isa = PBXFrameworksBuildPhase;
			buildActionMask = 2147483647;
			files = (
			);
			runOnlyForDeploymentPostprocessing = 0;
		};
/* End PBXFrameworksBuildPhase section */

/* Begin PBXGroup section */
		CC3ADECB2B430BF500284819 /* DataModel */ = {
			isa = PBXGroup;
			children = (
				CC3ADECC2B430C0300284819 /* DataModel.swift */,
			);
			path = DataModel;
			sourceTree = "<group>";
		};
		CC73641F2B4203BD00CA1B09 = {
			isa = PBXGroup;
			children = (
				CC7364AA2B42064300CA1B09 /* MeetMeWidgetExtension.entitlements */,
				CC73642A2B4203BD00CA1B09 /* MeetMe */,
				CC73643F2B4203BD00CA1B09 /* MeetMeTests */,
				CC7364492B4203BD00CA1B09 /* MeetMeUITests */,
				CC7364632B42040F00CA1B09 /* MeetMeWidget */,
				CC73647B2B42047900CA1B09 /* WatchMeetMe Watch App */,
				CC73648C2B42047A00CA1B09 /* WatchMeetMe Watch AppTests */,
				CC7364962B42047A00CA1B09 /* WatchMeetMe Watch AppUITests */,
				CC73645E2B42040F00CA1B09 /* Frameworks */,
				CC7364292B4203BD00CA1B09 /* Products */,
			);
			sourceTree = "<group>";
		};
		CC7364292B4203BD00CA1B09 /* Products */ = {
			isa = PBXGroup;
			children = (
				CC7364282B4203BD00CA1B09 /* MeetMe.app */,
				CC73643C2B4203BD00CA1B09 /* MeetMeTests.xctest */,
				CC7364462B4203BD00CA1B09 /* MeetMeUITests.xctest */,
				CC73645D2B42040F00CA1B09 /* MeetMeWidgetExtension.appex */,
				CC73647A2B42047900CA1B09 /* WatchMeetMe Watch App.app */,
				CC7364892B42047A00CA1B09 /* WatchMeetMe Watch AppTests.xctest */,
				CC7364932B42047A00CA1B09 /* WatchMeetMe Watch AppUITests.xctest */,
			);
			name = Products;
			sourceTree = "<group>";
		};
		CC73642A2B4203BD00CA1B09 /* MeetMe */ = {
			isa = PBXGroup;
			children = (
				CC3ADECB2B430BF500284819 /* DataModel */,
				CC7364AE2B4207DB00CA1B09 /* Extension */,
				CC7364AD2B4207D400CA1B09 /* View */,
				CC7364AC2B4207CE00CA1B09 /* Model */,
				CC73642B2B4203BD00CA1B09 /* MeetMeApp.swift */,
				CC7364312B4203BD00CA1B09 /* Assets.xcassets */,
				CC7364332B4203BD00CA1B09 /* MeetMe.entitlements */,
				CC7364372B4203BD00CA1B09 /* Info.plist */,
				CC7364342B4203BD00CA1B09 /* Preview Content */,
			);
			path = MeetMe;
			sourceTree = "<group>";
		};
		CC7364342B4203BD00CA1B09 /* Preview Content */ = {
			isa = PBXGroup;
			children = (
				CC7364352B4203BD00CA1B09 /* Preview Assets.xcassets */,
			);
			path = "Preview Content";
			sourceTree = "<group>";
		};
		CC73643F2B4203BD00CA1B09 /* MeetMeTests */ = {
			isa = PBXGroup;
			children = (
				CC7364402B4203BD00CA1B09 /* MeetMeTests.swift */,
			);
			path = MeetMeTests;
			sourceTree = "<group>";
		};
		CC7364492B4203BD00CA1B09 /* MeetMeUITests */ = {
			isa = PBXGroup;
			children = (
				CC73644A2B4203BD00CA1B09 /* MeetMeUITests.swift */,
				CC73644C2B4203BD00CA1B09 /* MeetMeUITestsLaunchTests.swift */,
			);
			path = MeetMeUITests;
			sourceTree = "<group>";
		};
		CC73645E2B42040F00CA1B09 /* Frameworks */ = {
			isa = PBXGroup;
			children = (
				CC73645F2B42040F00CA1B09 /* WidgetKit.framework */,
				CC7364612B42040F00CA1B09 /* SwiftUI.framework */,
			);
			name = Frameworks;
			sourceTree = "<group>";
		};
		CC7364632B42040F00CA1B09 /* MeetMeWidget */ = {
			isa = PBXGroup;
			children = (
				CC7364642B42040F00CA1B09 /* MeetMeWidgetBundle.swift */,
				CC7364662B42040F00CA1B09 /* MeetMeWidgetLiveActivity.swift */,
				CC7364682B42040F00CA1B09 /* MeetMeWidget.swift */,
				CC73646A2B42040F00CA1B09 /* AppIntent.swift */,
				CC73646C2B42041000CA1B09 /* Assets.xcassets */,
				CC73646E2B42041000CA1B09 /* Info.plist */,
			);
			path = MeetMeWidget;
			sourceTree = "<group>";
		};
		CC73647B2B42047900CA1B09 /* WatchMeetMe Watch App */ = {
			isa = PBXGroup;
			children = (
				CC7364AB2B42068700CA1B09 /* WatchMeetMe Watch App.entitlements */,
				CC73647E2B42047900CA1B09 /* ContentView.swift */,
				CC7364802B42047A00CA1B09 /* Assets.xcassets */,
				CC7364822B42047A00CA1B09 /* Preview Content */,
			);
			path = "WatchMeetMe Watch App";
			sourceTree = "<group>";
		};
		CC7364822B42047A00CA1B09 /* Preview Content */ = {
			isa = PBXGroup;
			children = (
				CC7364832B42047A00CA1B09 /* Preview Assets.xcassets */,
			);
			path = "Preview Content";
			sourceTree = "<group>";
		};
		CC73648C2B42047A00CA1B09 /* WatchMeetMe Watch AppTests */ = {
			isa = PBXGroup;
			children = (
				CC73648D2B42047A00CA1B09 /* WatchMeetMe_Watch_AppTests.swift */,
			);
			path = "WatchMeetMe Watch AppTests";
			sourceTree = "<group>";
		};
		CC7364962B42047A00CA1B09 /* WatchMeetMe Watch AppUITests */ = {
			isa = PBXGroup;
			children = (
				CC7364972B42047A00CA1B09 /* WatchMeetMe_Watch_AppUITests.swift */,
				CC7364992B42047A00CA1B09 /* WatchMeetMe_Watch_AppUITestsLaunchTests.swift */,
			);
			path = "WatchMeetMe Watch AppUITests";
			sourceTree = "<group>";
		};
		CC7364AC2B4207CE00CA1B09 /* Model */ = {
			isa = PBXGroup;
			children = (
				CC7364AF2B4207F600CA1B09 /* Person.swift */,
				CC3ADEC72B4306E900284819 /* PrefersTabNavigationEnvironmentKey.swift */,
				CC7364C22B420BF400CA1B09 /* PreviewData.swift */,
				CC7364B92B4208FB00CA1B09 /* Event.swift */,
				CC7364D92B429D1600CA1B09 /* AppScreen.swift */,
			);
			path = Model;
			sourceTree = "<group>";
		};
		CC7364AD2B4207D400CA1B09 /* View */ = {
			isa = PBXGroup;
			children = (
				CC73642D2B4203BD00CA1B09 /* ContentView.swift */,
				CC7364E32B42AAD700CA1B09 /* Navigation */,
				CC7364E02B42A02C00CA1B09 /* Event */,
				CC7364DF2B42A02000CA1B09 /* People */,
			);
			path = View;
			sourceTree = "<group>";
		};
		CC7364AE2B4207DB00CA1B09 /* Extension */ = {
			isa = PBXGroup;
			children = (
				CC7364B62B4208A000CA1B09 /* Person+Extension.swift */,
				CC7364BD2B420A0A00CA1B09 /* Event+Extension.swift */,
			);
			path = Extension;
			sourceTree = "<group>";
		};
		CC7364DF2B42A02000CA1B09 /* People */ = {
			isa = PBXGroup;
			children = (
				CC7364B32B42087900CA1B09 /* PeopleView.swift */,
				CC7364D72B4230D800CA1B09 /* PersonDetailView.swift */,
				CC7364C82B420F7900CA1B09 /* PersonEditor.swift */,
			);
			path = People;
			sourceTree = "<group>";
		};
		CC7364E02B42A02C00CA1B09 /* Event */ = {
			isa = PBXGroup;
			children = (
				CC7364DD2B429F0F00CA1B09 /* EventsView.swift */,
				CC7364DB2B429E2B00CA1B09 /* EventDetailView.swift */,
				CC7364D32B4227CB00CA1B09 /* EventEditor.swift */,
			);
			path = Event;
			sourceTree = "<group>";
		};
		CC7364E32B42AAD700CA1B09 /* Navigation */ = {
			isa = PBXGroup;
			children = (
				CC7364E12B42A04800CA1B09 /* AppSidebarList.swift */,
				CC7364E42B42AAE500CA1B09 /* AppContentColumn.swift */,
				CC7364E62B42AB6100CA1B09 /* AppDetailColumn.swift */,
				CC3ADEC92B4307F300284819 /* AppTabView.swift */,
			);
			path = Navigation;
			sourceTree = "<group>";
		};
/* End PBXGroup section */

/* Begin PBXNativeTarget section */
		CC7364272B4203BD00CA1B09 /* MeetMe */ = {
			isa = PBXNativeTarget;
			buildConfigurationList = CC7364502B4203BD00CA1B09 /* Build configuration list for PBXNativeTarget "MeetMe" */;
			buildPhases = (
				CC7364242B4203BD00CA1B09 /* Sources */,
				CC7364252B4203BD00CA1B09 /* Frameworks */,
				CC7364262B4203BD00CA1B09 /* Resources */,
				CC7364752B42041000CA1B09 /* Embed Foundation Extensions */,
				CC7364A12B42047A00CA1B09 /* Embed Watch Content */,
			);
			buildRules = (
			);
			dependencies = (
				CC7364702B42041000CA1B09 /* PBXTargetDependency */,
				CC73649C2B42047A00CA1B09 /* PBXTargetDependency */,
			);
			name = MeetMe;
			productName = MeetMe;
			productReference = CC7364282B4203BD00CA1B09 /* MeetMe.app */;
			productType = "com.apple.product-type.application";
		};
		CC73643B2B4203BD00CA1B09 /* MeetMeTests */ = {
			isa = PBXNativeTarget;
			buildConfigurationList = CC7364532B4203BD00CA1B09 /* Build configuration list for PBXNativeTarget "MeetMeTests" */;
			buildPhases = (
				CC7364382B4203BD00CA1B09 /* Sources */,
				CC7364392B4203BD00CA1B09 /* Frameworks */,
				CC73643A2B4203BD00CA1B09 /* Resources */,
			);
			buildRules = (
			);
			dependencies = (
				CC73643E2B4203BD00CA1B09 /* PBXTargetDependency */,
			);
			name = MeetMeTests;
			productName = MeetMeTests;
			productReference = CC73643C2B4203BD00CA1B09 /* MeetMeTests.xctest */;
			productType = "com.apple.product-type.bundle.unit-test";
		};
		CC7364452B4203BD00CA1B09 /* MeetMeUITests */ = {
			isa = PBXNativeTarget;
			buildConfigurationList = CC7364562B4203BD00CA1B09 /* Build configuration list for PBXNativeTarget "MeetMeUITests" */;
			buildPhases = (
				CC7364422B4203BD00CA1B09 /* Sources */,
				CC7364432B4203BD00CA1B09 /* Frameworks */,
				CC7364442B4203BD00CA1B09 /* Resources */,
			);
			buildRules = (
			);
			dependencies = (
				CC7364482B4203BD00CA1B09 /* PBXTargetDependency */,
			);
			name = MeetMeUITests;
			productName = MeetMeUITests;
			productReference = CC7364462B4203BD00CA1B09 /* MeetMeUITests.xctest */;
			productType = "com.apple.product-type.bundle.ui-testing";
		};
		CC73645C2B42040F00CA1B09 /* MeetMeWidgetExtension */ = {
			isa = PBXNativeTarget;
			buildConfigurationList = CC7364722B42041000CA1B09 /* Build configuration list for PBXNativeTarget "MeetMeWidgetExtension" */;
			buildPhases = (
				CC7364592B42040F00CA1B09 /* Sources */,
				CC73645A2B42040F00CA1B09 /* Frameworks */,
				CC73645B2B42040F00CA1B09 /* Resources */,
			);
			buildRules = (
			);
			dependencies = (
			);
			name = MeetMeWidgetExtension;
			productName = MeetMeWidgetExtension;
			productReference = CC73645D2B42040F00CA1B09 /* MeetMeWidgetExtension.appex */;
			productType = "com.apple.product-type.app-extension";
		};
		CC7364792B42047900CA1B09 /* WatchMeetMe Watch App */ = {
			isa = PBXNativeTarget;
			buildConfigurationList = CC73649E2B42047A00CA1B09 /* Build configuration list for PBXNativeTarget "WatchMeetMe Watch App" */;
			buildPhases = (
				CC7364762B42047900CA1B09 /* Sources */,
				CC7364772B42047900CA1B09 /* Frameworks */,
				CC7364782B42047900CA1B09 /* Resources */,
			);
			buildRules = (
			);
			dependencies = (
			);
			name = "WatchMeetMe Watch App";
			productName = "WatchMeetMe Watch App";
			productReference = CC73647A2B42047900CA1B09 /* WatchMeetMe Watch App.app */;
			productType = "com.apple.product-type.application";
		};
		CC7364882B42047A00CA1B09 /* WatchMeetMe Watch AppTests */ = {
			isa = PBXNativeTarget;
			buildConfigurationList = CC7364A22B42047A00CA1B09 /* Build configuration list for PBXNativeTarget "WatchMeetMe Watch AppTests" */;
			buildPhases = (
				CC7364852B42047A00CA1B09 /* Sources */,
				CC7364862B42047A00CA1B09 /* Frameworks */,
				CC7364872B42047A00CA1B09 /* Resources */,
			);
			buildRules = (
			);
			dependencies = (
				CC73648B2B42047A00CA1B09 /* PBXTargetDependency */,
			);
			name = "WatchMeetMe Watch AppTests";
			productName = "WatchMeetMe Watch AppTests";
			productReference = CC7364892B42047A00CA1B09 /* WatchMeetMe Watch AppTests.xctest */;
			productType = "com.apple.product-type.bundle.unit-test";
		};
		CC7364922B42047A00CA1B09 /* WatchMeetMe Watch AppUITests */ = {
			isa = PBXNativeTarget;
			buildConfigurationList = CC7364A52B42047A00CA1B09 /* Build configuration list for PBXNativeTarget "WatchMeetMe Watch AppUITests" */;
			buildPhases = (
				CC73648F2B42047A00CA1B09 /* Sources */,
				CC7364902B42047A00CA1B09 /* Frameworks */,
				CC7364912B42047A00CA1B09 /* Resources */,
			);
			buildRules = (
			);
			dependencies = (
				CC7364952B42047A00CA1B09 /* PBXTargetDependency */,
			);
			name = "WatchMeetMe Watch AppUITests";
			productName = "WatchMeetMe Watch AppUITests";
			productReference = CC7364932B42047A00CA1B09 /* WatchMeetMe Watch AppUITests.xctest */;
			productType = "com.apple.product-type.bundle.ui-testing";
		};
/* End PBXNativeTarget section */

/* Begin PBXProject section */
		CC7364202B4203BD00CA1B09 /* Project object */ = {
			isa = PBXProject;
			attributes = {
				BuildIndependentTargetsInParallel = 1;
				LastSwiftUpdateCheck = 1520;
				LastUpgradeCheck = 1520;
				TargetAttributes = {
					CC7364272B4203BD00CA1B09 = {
						CreatedOnToolsVersion = 15.2;
					};
					CC73643B2B4203BD00CA1B09 = {
						CreatedOnToolsVersion = 15.2;
						TestTargetID = CC7364272B4203BD00CA1B09;
					};
					CC7364452B4203BD00CA1B09 = {
						CreatedOnToolsVersion = 15.2;
						TestTargetID = CC7364272B4203BD00CA1B09;
					};
					CC73645C2B42040F00CA1B09 = {
						CreatedOnToolsVersion = 15.2;
					};
					CC7364792B42047900CA1B09 = {
						CreatedOnToolsVersion = 15.2;
					};
					CC7364882B42047A00CA1B09 = {
						CreatedOnToolsVersion = 15.2;
						TestTargetID = CC7364792B42047900CA1B09;
					};
					CC7364922B42047A00CA1B09 = {
						CreatedOnToolsVersion = 15.2;
						TestTargetID = CC7364792B42047900CA1B09;
					};
				};
			};
			buildConfigurationList = CC7364232B4203BD00CA1B09 /* Build configuration list for PBXProject "MeetMe" */;
			compatibilityVersion = "Xcode 14.0";
			developmentRegion = en;
			hasScannedForEncodings = 0;
			knownRegions = (
				en,
				Base,
			);
			mainGroup = CC73641F2B4203BD00CA1B09;
			productRefGroup = CC7364292B4203BD00CA1B09 /* Products */;
			projectDirPath = "";
			projectRoot = "";
			targets = (
				CC7364272B4203BD00CA1B09 /* MeetMe */,
				CC73643B2B4203BD00CA1B09 /* MeetMeTests */,
				CC7364452B4203BD00CA1B09 /* MeetMeUITests */,
				CC73645C2B42040F00CA1B09 /* MeetMeWidgetExtension */,
				CC7364792B42047900CA1B09 /* WatchMeetMe Watch App */,
				CC7364882B42047A00CA1B09 /* WatchMeetMe Watch AppTests */,
				CC7364922B42047A00CA1B09 /* WatchMeetMe Watch AppUITests */,
			);
		};
/* End PBXProject section */

/* Begin PBXResourcesBuildPhase section */
		CC7364262B4203BD00CA1B09 /* Resources */ = {
			isa = PBXResourcesBuildPhase;
			buildActionMask = 2147483647;
			files = (
				CC7364362B4203BD00CA1B09 /* Preview Assets.xcassets in Resources */,
				CC7364322B4203BD00CA1B09 /* Assets.xcassets in Resources */,
			);
			runOnlyForDeploymentPostprocessing = 0;
		};
		CC73643A2B4203BD00CA1B09 /* Resources */ = {
			isa = PBXResourcesBuildPhase;
			buildActionMask = 2147483647;
			files = (
			);
			runOnlyForDeploymentPostprocessing = 0;
		};
		CC7364442B4203BD00CA1B09 /* Resources */ = {
			isa = PBXResourcesBuildPhase;
			buildActionMask = 2147483647;
			files = (
			);
			runOnlyForDeploymentPostprocessing = 0;
		};
		CC73645B2B42040F00CA1B09 /* Resources */ = {
			isa = PBXResourcesBuildPhase;
			buildActionMask = 2147483647;
			files = (
				CC73646D2B42041000CA1B09 /* Assets.xcassets in Resources */,
			);
			runOnlyForDeploymentPostprocessing = 0;
		};
		CC7364782B42047900CA1B09 /* Resources */ = {
			isa = PBXResourcesBuildPhase;
			buildActionMask = 2147483647;
			files = (
				CC7364842B42047A00CA1B09 /* Preview Assets.xcassets in Resources */,
				CC7364812B42047A00CA1B09 /* Assets.xcassets in Resources */,
			);
			runOnlyForDeploymentPostprocessing = 0;
		};
		CC7364872B42047A00CA1B09 /* Resources */ = {
			isa = PBXResourcesBuildPhase;
			buildActionMask = 2147483647;
			files = (
			);
			runOnlyForDeploymentPostprocessing = 0;
		};
		CC7364912B42047A00CA1B09 /* Resources */ = {
			isa = PBXResourcesBuildPhase;
			buildActionMask = 2147483647;
			files = (
			);
			runOnlyForDeploymentPostprocessing = 0;
		};
/* End PBXResourcesBuildPhase section */

/* Begin PBXSourcesBuildPhase section */
		CC7364242B4203BD00CA1B09 /* Sources */ = {
			isa = PBXSourcesBuildPhase;
			buildActionMask = 2147483647;
			files = (
				CC7364C32B420BF400CA1B09 /* PreviewData.swift in Sources */,
				CC7364DE2B429F0F00CA1B09 /* EventsView.swift in Sources */,
				CC7364DC2B429E2B00CA1B09 /* EventDetailView.swift in Sources */,
				CC7364B02B4207F600CA1B09 /* Person.swift in Sources */,
				CC7364D42B4227CB00CA1B09 /* EventEditor.swift in Sources */,
				CC3ADECD2B430C0300284819 /* DataModel.swift in Sources */,
				CC73642E2B4203BD00CA1B09 /* ContentView.swift in Sources */,
				CC7364B72B4208A000CA1B09 /* Person+Extension.swift in Sources */,
				CC73642C2B4203BD00CA1B09 /* MeetMeApp.swift in Sources */,
				CC7364BA2B4208FB00CA1B09 /* Event.swift in Sources */,
				CC7364BE2B420A0A00CA1B09 /* Event+Extension.swift in Sources */,
				CC7364B42B42087900CA1B09 /* PeopleView.swift in Sources */,
				CC7364E52B42AAE500CA1B09 /* AppContentColumn.swift in Sources */,
				CC7364D82B4230D800CA1B09 /* PersonDetailView.swift in Sources */,
				CC7364E72B42AB6100CA1B09 /* AppDetailColumn.swift in Sources */,
				CC7364C92B420F7900CA1B09 /* PersonEditor.swift in Sources */,
				CC7364E22B42A04800CA1B09 /* AppSidebarList.swift in Sources */,
				CC7364DA2B429D1600CA1B09 /* AppScreen.swift in Sources */,
				CC3ADECA2B4307F300284819 /* AppTabView.swift in Sources */,
				CC3ADEC82B4306E900284819 /* PrefersTabNavigationEnvironmentKey.swift in Sources */,
			);
			runOnlyForDeploymentPostprocessing = 0;
		};
		CC7364382B4203BD00CA1B09 /* Sources */ = {
			isa = PBXSourcesBuildPhase;
			buildActionMask = 2147483647;
			files = (
				CC7364412B4203BD00CA1B09 /* MeetMeTests.swift in Sources */,
			);
			runOnlyForDeploymentPostprocessing = 0;
		};
		CC7364422B4203BD00CA1B09 /* Sources */ = {
			isa = PBXSourcesBuildPhase;
			buildActionMask = 2147483647;
			files = (
				CC73644B2B4203BD00CA1B09 /* MeetMeUITests.swift in Sources */,
				CC73644D2B4203BD00CA1B09 /* MeetMeUITestsLaunchTests.swift in Sources */,
			);
			runOnlyForDeploymentPostprocessing = 0;
		};
		CC7364592B42040F00CA1B09 /* Sources */ = {
			isa = PBXSourcesBuildPhase;
			buildActionMask = 2147483647;
			files = (
				CC7364692B42040F00CA1B09 /* MeetMeWidget.swift in Sources */,
				CC73646B2B42040F00CA1B09 /* AppIntent.swift in Sources */,
				CC7364652B42040F00CA1B09 /* MeetMeWidgetBundle.swift in Sources */,
				CC7364672B42040F00CA1B09 /* MeetMeWidgetLiveActivity.swift in Sources */,
			);
			runOnlyForDeploymentPostprocessing = 0;
		};
		CC7364762B42047900CA1B09 /* Sources */ = {
			isa = PBXSourcesBuildPhase;
			buildActionMask = 2147483647;
			files = (
				CC73647F2B42047900CA1B09 /* ContentView.swift in Sources */,
			);
			runOnlyForDeploymentPostprocessing = 0;
		};
		CC7364852B42047A00CA1B09 /* Sources */ = {
			isa = PBXSourcesBuildPhase;
			buildActionMask = 2147483647;
			files = (
				CC73648E2B42047A00CA1B09 /* WatchMeetMe_Watch_AppTests.swift in Sources */,
			);
			runOnlyForDeploymentPostprocessing = 0;
		};
		CC73648F2B42047A00CA1B09 /* Sources */ = {
			isa = PBXSourcesBuildPhase;
			buildActionMask = 2147483647;
			files = (
				CC7364982B42047A00CA1B09 /* WatchMeetMe_Watch_AppUITests.swift in Sources */,
				CC73649A2B42047A00CA1B09 /* WatchMeetMe_Watch_AppUITestsLaunchTests.swift in Sources */,
			);
			runOnlyForDeploymentPostprocessing = 0;
		};
/* End PBXSourcesBuildPhase section */

/* Begin PBXTargetDependency section */
		CC73643E2B4203BD00CA1B09 /* PBXTargetDependency */ = {
			isa = PBXTargetDependency;
			target = CC7364272B4203BD00CA1B09 /* MeetMe */;
			targetProxy = CC73643D2B4203BD00CA1B09 /* PBXContainerItemProxy */;
		};
		CC7364482B4203BD00CA1B09 /* PBXTargetDependency */ = {
			isa = PBXTargetDependency;
			target = CC7364272B4203BD00CA1B09 /* MeetMe */;
			targetProxy = CC7364472B4203BD00CA1B09 /* PBXContainerItemProxy */;
		};
		CC7364702B42041000CA1B09 /* PBXTargetDependency */ = {
			isa = PBXTargetDependency;
			target = CC73645C2B42040F00CA1B09 /* MeetMeWidgetExtension */;
			targetProxy = CC73646F2B42041000CA1B09 /* PBXContainerItemProxy */;
		};
		CC73648B2B42047A00CA1B09 /* PBXTargetDependency */ = {
			isa = PBXTargetDependency;
			target = CC7364792B42047900CA1B09 /* WatchMeetMe Watch App */;
			targetProxy = CC73648A2B42047A00CA1B09 /* PBXContainerItemProxy */;
		};
		CC7364952B42047A00CA1B09 /* PBXTargetDependency */ = {
			isa = PBXTargetDependency;
			target = CC7364792B42047900CA1B09 /* WatchMeetMe Watch App */;
			targetProxy = CC7364942B42047A00CA1B09 /* PBXContainerItemProxy */;
		};
		CC73649C2B42047A00CA1B09 /* PBXTargetDependency */ = {
			isa = PBXTargetDependency;
			target = CC7364792B42047900CA1B09 /* WatchMeetMe Watch App */;
			targetProxy = CC73649B2B42047A00CA1B09 /* PBXContainerItemProxy */;
		};
/* End PBXTargetDependency section */

/* Begin XCBuildConfiguration section */
		CC73644E2B4203BD00CA1B09 /* Debug */ = {
			isa = XCBuildConfiguration;
			buildSettings = {
				ALWAYS_SEARCH_USER_PATHS = NO;
				ASSETCATALOG_COMPILER_GENERATE_SWIFT_ASSET_SYMBOL_EXTENSIONS = YES;
				CLANG_ANALYZER_NONNULL = YES;
				CLANG_ANALYZER_NUMBER_OBJECT_CONVERSION = YES_AGGRESSIVE;
				CLANG_CXX_LANGUAGE_STANDARD = "gnu++20";
				CLANG_ENABLE_MODULES = YES;
				CLANG_ENABLE_OBJC_ARC = YES;
				CLANG_ENABLE_OBJC_WEAK = YES;
				CLANG_WARN_BLOCK_CAPTURE_AUTORELEASING = YES;
				CLANG_WARN_BOOL_CONVERSION = YES;
				CLANG_WARN_COMMA = YES;
				CLANG_WARN_CONSTANT_CONVERSION = YES;
				CLANG_WARN_DEPRECATED_OBJC_IMPLEMENTATIONS = YES;
				CLANG_WARN_DIRECT_OBJC_ISA_USAGE = YES_ERROR;
				CLANG_WARN_DOCUMENTATION_COMMENTS = YES;
				CLANG_WARN_EMPTY_BODY = YES;
				CLANG_WARN_ENUM_CONVERSION = YES;
				CLANG_WARN_INFINITE_RECURSION = YES;
				CLANG_WARN_INT_CONVERSION = YES;
				CLANG_WARN_NON_LITERAL_NULL_CONVERSION = YES;
				CLANG_WARN_OBJC_IMPLICIT_RETAIN_SELF = YES;
				CLANG_WARN_OBJC_LITERAL_CONVERSION = YES;
				CLANG_WARN_OBJC_ROOT_CLASS = YES_ERROR;
				CLANG_WARN_QUOTED_INCLUDE_IN_FRAMEWORK_HEADER = YES;
				CLANG_WARN_RANGE_LOOP_ANALYSIS = YES;
				CLANG_WARN_STRICT_PROTOTYPES = YES;
				CLANG_WARN_SUSPICIOUS_MOVE = YES;
				CLANG_WARN_UNGUARDED_AVAILABILITY = YES_AGGRESSIVE;
				CLANG_WARN_UNREACHABLE_CODE = YES;
				CLANG_WARN__DUPLICATE_METHOD_MATCH = YES;
				COPY_PHASE_STRIP = NO;
				DEBUG_INFORMATION_FORMAT = dwarf;
				ENABLE_STRICT_OBJC_MSGSEND = YES;
				ENABLE_TESTABILITY = YES;
				ENABLE_USER_SCRIPT_SANDBOXING = YES;
				GCC_C_LANGUAGE_STANDARD = gnu17;
				GCC_DYNAMIC_NO_PIC = NO;
				GCC_NO_COMMON_BLOCKS = YES;
				GCC_OPTIMIZATION_LEVEL = 0;
				GCC_PREPROCESSOR_DEFINITIONS = (
					"DEBUG=1",
					"$(inherited)",
				);
				GCC_WARN_64_TO_32_BIT_CONVERSION = YES;
				GCC_WARN_ABOUT_RETURN_TYPE = YES_ERROR;
				GCC_WARN_UNDECLARED_SELECTOR = YES;
				GCC_WARN_UNINITIALIZED_AUTOS = YES_AGGRESSIVE;
				GCC_WARN_UNUSED_FUNCTION = YES;
				GCC_WARN_UNUSED_VARIABLE = YES;
				LOCALIZATION_PREFERS_STRING_CATALOGS = YES;
				MTL_ENABLE_DEBUG_INFO = INCLUDE_SOURCE;
				MTL_FAST_MATH = YES;
				ONLY_ACTIVE_ARCH = YES;
				SWIFT_ACTIVE_COMPILATION_CONDITIONS = "DEBUG $(inherited)";
				SWIFT_OPTIMIZATION_LEVEL = "-Onone";
			};
			name = Debug;
		};
		CC73644F2B4203BD00CA1B09 /* Release */ = {
			isa = XCBuildConfiguration;
			buildSettings = {
				ALWAYS_SEARCH_USER_PATHS = NO;
				ASSETCATALOG_COMPILER_GENERATE_SWIFT_ASSET_SYMBOL_EXTENSIONS = YES;
				CLANG_ANALYZER_NONNULL = YES;
				CLANG_ANALYZER_NUMBER_OBJECT_CONVERSION = YES_AGGRESSIVE;
				CLANG_CXX_LANGUAGE_STANDARD = "gnu++20";
				CLANG_ENABLE_MODULES = YES;
				CLANG_ENABLE_OBJC_ARC = YES;
				CLANG_ENABLE_OBJC_WEAK = YES;
				CLANG_WARN_BLOCK_CAPTURE_AUTORELEASING = YES;
				CLANG_WARN_BOOL_CONVERSION = YES;
				CLANG_WARN_COMMA = YES;
				CLANG_WARN_CONSTANT_CONVERSION = YES;
				CLANG_WARN_DEPRECATED_OBJC_IMPLEMENTATIONS = YES;
				CLANG_WARN_DIRECT_OBJC_ISA_USAGE = YES_ERROR;
				CLANG_WARN_DOCUMENTATION_COMMENTS = YES;
				CLANG_WARN_EMPTY_BODY = YES;
				CLANG_WARN_ENUM_CONVERSION = YES;
				CLANG_WARN_INFINITE_RECURSION = YES;
				CLANG_WARN_INT_CONVERSION = YES;
				CLANG_WARN_NON_LITERAL_NULL_CONVERSION = YES;
				CLANG_WARN_OBJC_IMPLICIT_RETAIN_SELF = YES;
				CLANG_WARN_OBJC_LITERAL_CONVERSION = YES;
				CLANG_WARN_OBJC_ROOT_CLASS = YES_ERROR;
				CLANG_WARN_QUOTED_INCLUDE_IN_FRAMEWORK_HEADER = YES;
				CLANG_WARN_RANGE_LOOP_ANALYSIS = YES;
				CLANG_WARN_STRICT_PROTOTYPES = YES;
				CLANG_WARN_SUSPICIOUS_MOVE = YES;
				CLANG_WARN_UNGUARDED_AVAILABILITY = YES_AGGRESSIVE;
				CLANG_WARN_UNREACHABLE_CODE = YES;
				CLANG_WARN__DUPLICATE_METHOD_MATCH = YES;
				COPY_PHASE_STRIP = NO;
				DEBUG_INFORMATION_FORMAT = "dwarf-with-dsym";
				ENABLE_NS_ASSERTIONS = NO;
				ENABLE_STRICT_OBJC_MSGSEND = YES;
				ENABLE_USER_SCRIPT_SANDBOXING = YES;
				GCC_C_LANGUAGE_STANDARD = gnu17;
				GCC_NO_COMMON_BLOCKS = YES;
				GCC_WARN_64_TO_32_BIT_CONVERSION = YES;
				GCC_WARN_ABOUT_RETURN_TYPE = YES_ERROR;
				GCC_WARN_UNDECLARED_SELECTOR = YES;
				GCC_WARN_UNINITIALIZED_AUTOS = YES_AGGRESSIVE;
				GCC_WARN_UNUSED_FUNCTION = YES;
				GCC_WARN_UNUSED_VARIABLE = YES;
				LOCALIZATION_PREFERS_STRING_CATALOGS = YES;
				MTL_ENABLE_DEBUG_INFO = NO;
				MTL_FAST_MATH = YES;
				SWIFT_COMPILATION_MODE = wholemodule;
			};
			name = Release;
		};
		CC7364512B4203BD00CA1B09 /* Debug */ = {
			isa = XCBuildConfiguration;
			buildSettings = {
				ALWAYS_EMBED_SWIFT_STANDARD_LIBRARIES = YES;
				ASSETCATALOG_COMPILER_APPICON_NAME = AppIcon;
				ASSETCATALOG_COMPILER_GLOBAL_ACCENT_COLOR_NAME = AccentColor;
				CODE_SIGN_ENTITLEMENTS = MeetMe/MeetMe.entitlements;
				CODE_SIGN_IDENTITY = "Apple Development";
				CODE_SIGN_STYLE = Automatic;
				CURRENT_PROJECT_VERSION = 1;
				DEVELOPMENT_ASSET_PATHS = "\"MeetMe/Preview Content\"";
				DEVELOPMENT_TEAM = 88QL9VPLMY;
				ENABLE_HARDENED_RUNTIME = YES;
				ENABLE_PREVIEWS = YES;
				GENERATE_INFOPLIST_FILE = YES;
				INFOPLIST_FILE = MeetMe/Info.plist;
				"INFOPLIST_KEY_UIApplicationSceneManifest_Generation[sdk=iphoneos*]" = YES;
				"INFOPLIST_KEY_UIApplicationSceneManifest_Generation[sdk=iphonesimulator*]" = YES;
				"INFOPLIST_KEY_UIApplicationSupportsIndirectInputEvents[sdk=iphoneos*]" = YES;
				"INFOPLIST_KEY_UIApplicationSupportsIndirectInputEvents[sdk=iphonesimulator*]" = YES;
				"INFOPLIST_KEY_UILaunchScreen_Generation[sdk=iphoneos*]" = YES;
				"INFOPLIST_KEY_UILaunchScreen_Generation[sdk=iphonesimulator*]" = YES;
				"INFOPLIST_KEY_UIStatusBarStyle[sdk=iphoneos*]" = UIStatusBarStyleDefault;
				"INFOPLIST_KEY_UIStatusBarStyle[sdk=iphonesimulator*]" = UIStatusBarStyleDefault;
				INFOPLIST_KEY_UISupportedInterfaceOrientations_iPad = "UIInterfaceOrientationPortrait UIInterfaceOrientationPortraitUpsideDown UIInterfaceOrientationLandscapeLeft UIInterfaceOrientationLandscapeRight";
				INFOPLIST_KEY_UISupportedInterfaceOrientations_iPhone = "UIInterfaceOrientationPortrait UIInterfaceOrientationLandscapeLeft UIInterfaceOrientationLandscapeRight";
				IPHONEOS_DEPLOYMENT_TARGET = 17.2;
				LD_RUNPATH_SEARCH_PATHS = "@executable_path/Frameworks";
				"LD_RUNPATH_SEARCH_PATHS[sdk=macosx*]" = "@executable_path/../Frameworks";
				MACOSX_DEPLOYMENT_TARGET = 14.0;
				MARKETING_VERSION = 1.0;
				PRODUCT_BUNDLE_IDENTIFIER = com.transfinite.MeetMe;
				PRODUCT_NAME = "$(TARGET_NAME)";
				PROVISIONING_PROFILE_SPECIFIER = "";
				SDKROOT = auto;
				SUPPORTED_PLATFORMS = "iphoneos iphonesimulator macosx xros xrsimulator";
				SUPPORTS_MACCATALYST = NO;
				SWIFT_EMIT_LOC_STRINGS = YES;
				SWIFT_VERSION = 5.0;
				TARGETED_DEVICE_FAMILY = "1,2,7";
			};
			name = Debug;
		};
		CC7364522B4203BD00CA1B09 /* Release */ = {
			isa = XCBuildConfiguration;
			buildSettings = {
				ALWAYS_EMBED_SWIFT_STANDARD_LIBRARIES = YES;
				ASSETCATALOG_COMPILER_APPICON_NAME = AppIcon;
				ASSETCATALOG_COMPILER_GLOBAL_ACCENT_COLOR_NAME = AccentColor;
				CODE_SIGN_ENTITLEMENTS = MeetMe/MeetMe.entitlements;
				CODE_SIGN_IDENTITY = "Apple Development";
				CODE_SIGN_STYLE = Automatic;
				CURRENT_PROJECT_VERSION = 1;
				DEVELOPMENT_ASSET_PATHS = "\"MeetMe/Preview Content\"";
				DEVELOPMENT_TEAM = 88QL9VPLMY;
				ENABLE_HARDENED_RUNTIME = YES;
				ENABLE_PREVIEWS = YES;
				GENERATE_INFOPLIST_FILE = YES;
				INFOPLIST_FILE = MeetMe/Info.plist;
				"INFOPLIST_KEY_UIApplicationSceneManifest_Generation[sdk=iphoneos*]" = YES;
				"INFOPLIST_KEY_UIApplicationSceneManifest_Generation[sdk=iphonesimulator*]" = YES;
				"INFOPLIST_KEY_UIApplicationSupportsIndirectInputEvents[sdk=iphoneos*]" = YES;
				"INFOPLIST_KEY_UIApplicationSupportsIndirectInputEvents[sdk=iphonesimulator*]" = YES;
				"INFOPLIST_KEY_UILaunchScreen_Generation[sdk=iphoneos*]" = YES;
				"INFOPLIST_KEY_UILaunchScreen_Generation[sdk=iphonesimulator*]" = YES;
				"INFOPLIST_KEY_UIStatusBarStyle[sdk=iphoneos*]" = UIStatusBarStyleDefault;
				"INFOPLIST_KEY_UIStatusBarStyle[sdk=iphonesimulator*]" = UIStatusBarStyleDefault;
				INFOPLIST_KEY_UISupportedInterfaceOrientations_iPad = "UIInterfaceOrientationPortrait UIInterfaceOrientationPortraitUpsideDown UIInterfaceOrientationLandscapeLeft UIInterfaceOrientationLandscapeRight";
				INFOPLIST_KEY_UISupportedInterfaceOrientations_iPhone = "UIInterfaceOrientationPortrait UIInterfaceOrientationLandscapeLeft UIInterfaceOrientationLandscapeRight";
				IPHONEOS_DEPLOYMENT_TARGET = 17.2;
				LD_RUNPATH_SEARCH_PATHS = "@executable_path/Frameworks";
				"LD_RUNPATH_SEARCH_PATHS[sdk=macosx*]" = "@executable_path/../Frameworks";
				MACOSX_DEPLOYMENT_TARGET = 14.0;
				MARKETING_VERSION = 1.0;
				PRODUCT_BUNDLE_IDENTIFIER = com.transfinite.MeetMe;
				PRODUCT_NAME = "$(TARGET_NAME)";
				PROVISIONING_PROFILE_SPECIFIER = "";
				SDKROOT = auto;
				SUPPORTED_PLATFORMS = "iphoneos iphonesimulator macosx xros xrsimulator";
				SUPPORTS_MACCATALYST = NO;
				SWIFT_EMIT_LOC_STRINGS = YES;
				SWIFT_VERSION = 5.0;
				TARGETED_DEVICE_FAMILY = "1,2,7";
			};
			name = Release;
		};
		CC7364542B4203BD00CA1B09 /* Debug */ = {
			isa = XCBuildConfiguration;
			buildSettings = {
				ALWAYS_EMBED_SWIFT_STANDARD_LIBRARIES = YES;
				BUNDLE_LOADER = "$(TEST_HOST)";
				CODE_SIGN_STYLE = Automatic;
				CURRENT_PROJECT_VERSION = 1;
				DEVELOPMENT_TEAM = 88QL9VPLMY;
				GENERATE_INFOPLIST_FILE = YES;
				IPHONEOS_DEPLOYMENT_TARGET = 17.2;
				MACOSX_DEPLOYMENT_TARGET = 14.2;
				MARKETING_VERSION = 1.0;
				PRODUCT_BUNDLE_IDENTIFIER = com.transfinite.MeetMeTests;
				PRODUCT_NAME = "$(TARGET_NAME)";
				SDKROOT = auto;
				SUPPORTED_PLATFORMS = "iphoneos iphonesimulator macosx";
				SWIFT_EMIT_LOC_STRINGS = NO;
				SWIFT_VERSION = 5.0;
				TARGETED_DEVICE_FAMILY = "1,2";
				TEST_HOST = "$(BUILT_PRODUCTS_DIR)/MeetMe.app/$(BUNDLE_EXECUTABLE_FOLDER_PATH)/MeetMe";
			};
			name = Debug;
		};
		CC7364552B4203BD00CA1B09 /* Release */ = {
			isa = XCBuildConfiguration;
			buildSettings = {
				ALWAYS_EMBED_SWIFT_STANDARD_LIBRARIES = YES;
				BUNDLE_LOADER = "$(TEST_HOST)";
				CODE_SIGN_STYLE = Automatic;
				CURRENT_PROJECT_VERSION = 1;
				DEVELOPMENT_TEAM = 88QL9VPLMY;
				GENERATE_INFOPLIST_FILE = YES;
				IPHONEOS_DEPLOYMENT_TARGET = 17.2;
				MACOSX_DEPLOYMENT_TARGET = 14.2;
				MARKETING_VERSION = 1.0;
				PRODUCT_BUNDLE_IDENTIFIER = com.transfinite.MeetMeTests;
				PRODUCT_NAME = "$(TARGET_NAME)";
				SDKROOT = auto;
				SUPPORTED_PLATFORMS = "iphoneos iphonesimulator macosx";
				SWIFT_EMIT_LOC_STRINGS = NO;
				SWIFT_VERSION = 5.0;
				TARGETED_DEVICE_FAMILY = "1,2";
				TEST_HOST = "$(BUILT_PRODUCTS_DIR)/MeetMe.app/$(BUNDLE_EXECUTABLE_FOLDER_PATH)/MeetMe";
			};
			name = Release;
		};
		CC7364572B4203BD00CA1B09 /* Debug */ = {
			isa = XCBuildConfiguration;
			buildSettings = {
				ALWAYS_EMBED_SWIFT_STANDARD_LIBRARIES = YES;
				CODE_SIGN_STYLE = Automatic;
				CURRENT_PROJECT_VERSION = 1;
				DEVELOPMENT_TEAM = 88QL9VPLMY;
				GENERATE_INFOPLIST_FILE = YES;
				IPHONEOS_DEPLOYMENT_TARGET = 17.2;
				MACOSX_DEPLOYMENT_TARGET = 14.2;
				MARKETING_VERSION = 1.0;
				PRODUCT_BUNDLE_IDENTIFIER = com.transfinite.MeetMeUITests;
				PRODUCT_NAME = "$(TARGET_NAME)";
				SDKROOT = auto;
				SUPPORTED_PLATFORMS = "iphoneos iphonesimulator macosx";
				SWIFT_EMIT_LOC_STRINGS = NO;
				SWIFT_VERSION = 5.0;
				TARGETED_DEVICE_FAMILY = "1,2";
				TEST_TARGET_NAME = MeetMe;
			};
			name = Debug;
		};
		CC7364582B4203BD00CA1B09 /* Release */ = {
			isa = XCBuildConfiguration;
			buildSettings = {
				ALWAYS_EMBED_SWIFT_STANDARD_LIBRARIES = YES;
				CODE_SIGN_STYLE = Automatic;
				CURRENT_PROJECT_VERSION = 1;
				DEVELOPMENT_TEAM = 88QL9VPLMY;
				GENERATE_INFOPLIST_FILE = YES;
				IPHONEOS_DEPLOYMENT_TARGET = 17.2;
				MACOSX_DEPLOYMENT_TARGET = 14.2;
				MARKETING_VERSION = 1.0;
				PRODUCT_BUNDLE_IDENTIFIER = com.transfinite.MeetMeUITests;
				PRODUCT_NAME = "$(TARGET_NAME)";
				SDKROOT = auto;
				SUPPORTED_PLATFORMS = "iphoneos iphonesimulator macosx";
				SWIFT_EMIT_LOC_STRINGS = NO;
				SWIFT_VERSION = 5.0;
				TARGETED_DEVICE_FAMILY = "1,2";
				TEST_TARGET_NAME = MeetMe;
			};
			name = Release;
		};
		CC7364732B42041000CA1B09 /* Debug */ = {
			isa = XCBuildConfiguration;
			buildSettings = {
				ASSETCATALOG_COMPILER_GLOBAL_ACCENT_COLOR_NAME = AccentColor;
				ASSETCATALOG_COMPILER_WIDGET_BACKGROUND_COLOR_NAME = WidgetBackground;
				CODE_SIGN_ENTITLEMENTS = MeetMeWidgetExtension.entitlements;
				CODE_SIGN_STYLE = Automatic;
				CURRENT_PROJECT_VERSION = 1;
				DEVELOPMENT_TEAM = 88QL9VPLMY;
				GENERATE_INFOPLIST_FILE = YES;
				INFOPLIST_FILE = MeetMeWidget/Info.plist;
				INFOPLIST_KEY_CFBundleDisplayName = MeetMeWidget;
				INFOPLIST_KEY_NSHumanReadableCopyright = "";
				IPHONEOS_DEPLOYMENT_TARGET = 17.2;
				LD_RUNPATH_SEARCH_PATHS = (
					"$(inherited)",
					"@executable_path/Frameworks",
					"@executable_path/../../Frameworks",
				);
				MARKETING_VERSION = 1.0;
				PRODUCT_BUNDLE_IDENTIFIER = com.transfinite.MeetMe.MeetMeWidget;
				PRODUCT_NAME = "$(TARGET_NAME)";
				SDKROOT = iphoneos;
				SKIP_INSTALL = YES;
				SWIFT_EMIT_LOC_STRINGS = YES;
				SWIFT_VERSION = 5.0;
				TARGETED_DEVICE_FAMILY = "1,2";
			};
			name = Debug;
		};
		CC7364742B42041000CA1B09 /* Release */ = {
			isa = XCBuildConfiguration;
			buildSettings = {
				ASSETCATALOG_COMPILER_GLOBAL_ACCENT_COLOR_NAME = AccentColor;
				ASSETCATALOG_COMPILER_WIDGET_BACKGROUND_COLOR_NAME = WidgetBackground;
				CODE_SIGN_ENTITLEMENTS = MeetMeWidgetExtension.entitlements;
				CODE_SIGN_STYLE = Automatic;
				CURRENT_PROJECT_VERSION = 1;
				DEVELOPMENT_TEAM = 88QL9VPLMY;
				GENERATE_INFOPLIST_FILE = YES;
				INFOPLIST_FILE = MeetMeWidget/Info.plist;
				INFOPLIST_KEY_CFBundleDisplayName = MeetMeWidget;
				INFOPLIST_KEY_NSHumanReadableCopyright = "";
				IPHONEOS_DEPLOYMENT_TARGET = 17.2;
				LD_RUNPATH_SEARCH_PATHS = (
					"$(inherited)",
					"@executable_path/Frameworks",
					"@executable_path/../../Frameworks",
				);
				MARKETING_VERSION = 1.0;
				PRODUCT_BUNDLE_IDENTIFIER = com.transfinite.MeetMe.MeetMeWidget;
				PRODUCT_NAME = "$(TARGET_NAME)";
				SDKROOT = iphoneos;
				SKIP_INSTALL = YES;
				SWIFT_EMIT_LOC_STRINGS = YES;
				SWIFT_VERSION = 5.0;
				TARGETED_DEVICE_FAMILY = "1,2";
				VALIDATE_PRODUCT = YES;
			};
			name = Release;
		};
		CC73649F2B42047A00CA1B09 /* Debug */ = {
			isa = XCBuildConfiguration;
			buildSettings = {
				ASSETCATALOG_COMPILER_APPICON_NAME = AppIcon;
				ASSETCATALOG_COMPILER_GLOBAL_ACCENT_COLOR_NAME = AccentColor;
				CODE_SIGN_ENTITLEMENTS = "WatchMeetMe Watch App/WatchMeetMe Watch App.entitlements";
				CODE_SIGN_STYLE = Automatic;
				CURRENT_PROJECT_VERSION = 1;
				DEVELOPMENT_ASSET_PATHS = "\"WatchMeetMe Watch App/Preview Content\"";
				DEVELOPMENT_TEAM = 88QL9VPLMY;
				ENABLE_PREVIEWS = YES;
				GENERATE_INFOPLIST_FILE = YES;
				INFOPLIST_KEY_CFBundleDisplayName = WatchMeetMe;
				INFOPLIST_KEY_UISupportedInterfaceOrientations = "UIInterfaceOrientationPortrait UIInterfaceOrientationPortraitUpsideDown";
				INFOPLIST_KEY_WKCompanionAppBundleIdentifier = com.transfinite.MeetMe;
				INFOPLIST_KEY_WKRunsIndependentlyOfCompanionApp = YES;
				LD_RUNPATH_SEARCH_PATHS = (
					"$(inherited)",
					"@executable_path/Frameworks",
				);
				MARKETING_VERSION = 1.0;
				PRODUCT_BUNDLE_IDENTIFIER = com.transfinite.MeetMe.watchkitapp;
				PRODUCT_NAME = "$(TARGET_NAME)";
				SDKROOT = watchos;
				SKIP_INSTALL = YES;
				SWIFT_EMIT_LOC_STRINGS = YES;
				SWIFT_VERSION = 5.0;
				TARGETED_DEVICE_FAMILY = 4;
				WATCHOS_DEPLOYMENT_TARGET = 10.2;
			};
			name = Debug;
		};
		CC7364A02B42047A00CA1B09 /* Release */ = {
			isa = XCBuildConfiguration;
			buildSettings = {
				ASSETCATALOG_COMPILER_APPICON_NAME = AppIcon;
				ASSETCATALOG_COMPILER_GLOBAL_ACCENT_COLOR_NAME = AccentColor;
				CODE_SIGN_ENTITLEMENTS = "WatchMeetMe Watch App/WatchMeetMe Watch App.entitlements";
				CODE_SIGN_STYLE = Automatic;
				CURRENT_PROJECT_VERSION = 1;
				DEVELOPMENT_ASSET_PATHS = "\"WatchMeetMe Watch App/Preview Content\"";
				DEVELOPMENT_TEAM = 88QL9VPLMY;
				ENABLE_PREVIEWS = YES;
				GENERATE_INFOPLIST_FILE = YES;
				INFOPLIST_KEY_CFBundleDisplayName = WatchMeetMe;
				INFOPLIST_KEY_UISupportedInterfaceOrientations = "UIInterfaceOrientationPortrait UIInterfaceOrientationPortraitUpsideDown";
				INFOPLIST_KEY_WKCompanionAppBundleIdentifier = com.transfinite.MeetMe;
				INFOPLIST_KEY_WKRunsIndependentlyOfCompanionApp = YES;
				LD_RUNPATH_SEARCH_PATHS = (
					"$(inherited)",
					"@executable_path/Frameworks",
				);
				MARKETING_VERSION = 1.0;
				PRODUCT_BUNDLE_IDENTIFIER = com.transfinite.MeetMe.watchkitapp;
				PRODUCT_NAME = "$(TARGET_NAME)";
				SDKROOT = watchos;
				SKIP_INSTALL = YES;
				SWIFT_EMIT_LOC_STRINGS = YES;
				SWIFT_VERSION = 5.0;
				TARGETED_DEVICE_FAMILY = 4;
				VALIDATE_PRODUCT = YES;
				WATCHOS_DEPLOYMENT_TARGET = 10.2;
			};
			name = Release;
		};
		CC7364A32B42047A00CA1B09 /* Debug */ = {
			isa = XCBuildConfiguration;
			buildSettings = {
				ALWAYS_EMBED_SWIFT_STANDARD_LIBRARIES = YES;
				BUNDLE_LOADER = "$(TEST_HOST)";
				CODE_SIGN_STYLE = Automatic;
				CURRENT_PROJECT_VERSION = 1;
				DEVELOPMENT_TEAM = 88QL9VPLMY;
				GENERATE_INFOPLIST_FILE = YES;
				MARKETING_VERSION = 1.0;
				PRODUCT_BUNDLE_IDENTIFIER = "com.transfinite.WatchMeetMe-Watch-AppTests";
				PRODUCT_NAME = "$(TARGET_NAME)";
				SDKROOT = watchos;
				SWIFT_EMIT_LOC_STRINGS = NO;
				SWIFT_VERSION = 5.0;
				TARGETED_DEVICE_FAMILY = 4;
				TEST_HOST = "$(BUILT_PRODUCTS_DIR)/WatchMeetMe Watch App.app/$(BUNDLE_EXECUTABLE_FOLDER_PATH)/WatchMeetMe Watch App";
				WATCHOS_DEPLOYMENT_TARGET = 10.2;
			};
			name = Debug;
		};
		CC7364A42B42047A00CA1B09 /* Release */ = {
			isa = XCBuildConfiguration;
			buildSettings = {
				ALWAYS_EMBED_SWIFT_STANDARD_LIBRARIES = YES;
				BUNDLE_LOADER = "$(TEST_HOST)";
				CODE_SIGN_STYLE = Automatic;
				CURRENT_PROJECT_VERSION = 1;
				DEVELOPMENT_TEAM = 88QL9VPLMY;
				GENERATE_INFOPLIST_FILE = YES;
				MARKETING_VERSION = 1.0;
				PRODUCT_BUNDLE_IDENTIFIER = "com.transfinite.WatchMeetMe-Watch-AppTests";
				PRODUCT_NAME = "$(TARGET_NAME)";
				SDKROOT = watchos;
				SWIFT_EMIT_LOC_STRINGS = NO;
				SWIFT_VERSION = 5.0;
				TARGETED_DEVICE_FAMILY = 4;
				TEST_HOST = "$(BUILT_PRODUCTS_DIR)/WatchMeetMe Watch App.app/$(BUNDLE_EXECUTABLE_FOLDER_PATH)/WatchMeetMe Watch App";
				VALIDATE_PRODUCT = YES;
				WATCHOS_DEPLOYMENT_TARGET = 10.2;
			};
			name = Release;
		};
		CC7364A62B42047A00CA1B09 /* Debug */ = {
			isa = XCBuildConfiguration;
			buildSettings = {
				ALWAYS_EMBED_SWIFT_STANDARD_LIBRARIES = YES;
				CODE_SIGN_STYLE = Automatic;
				CURRENT_PROJECT_VERSION = 1;
				DEVELOPMENT_TEAM = 88QL9VPLMY;
				GENERATE_INFOPLIST_FILE = YES;
				MARKETING_VERSION = 1.0;
				PRODUCT_BUNDLE_IDENTIFIER = "com.transfinite.WatchMeetMe-Watch-AppUITests";
				PRODUCT_NAME = "$(TARGET_NAME)";
				SDKROOT = watchos;
				SWIFT_EMIT_LOC_STRINGS = NO;
				SWIFT_VERSION = 5.0;
				TARGETED_DEVICE_FAMILY = 4;
				TEST_TARGET_NAME = "WatchMeetMe Watch App";
				WATCHOS_DEPLOYMENT_TARGET = 10.2;
			};
			name = Debug;
		};
		CC7364A72B42047A00CA1B09 /* Release */ = {
			isa = XCBuildConfiguration;
			buildSettings = {
				ALWAYS_EMBED_SWIFT_STANDARD_LIBRARIES = YES;
				CODE_SIGN_STYLE = Automatic;
				CURRENT_PROJECT_VERSION = 1;
				DEVELOPMENT_TEAM = 88QL9VPLMY;
				GENERATE_INFOPLIST_FILE = YES;
				MARKETING_VERSION = 1.0;
				PRODUCT_BUNDLE_IDENTIFIER = "com.transfinite.WatchMeetMe-Watch-AppUITests";
				PRODUCT_NAME = "$(TARGET_NAME)";
				SDKROOT = watchos;
				SWIFT_EMIT_LOC_STRINGS = NO;
				SWIFT_VERSION = 5.0;
				TARGETED_DEVICE_FAMILY = 4;
				TEST_TARGET_NAME = "WatchMeetMe Watch App";
				VALIDATE_PRODUCT = YES;
				WATCHOS_DEPLOYMENT_TARGET = 10.2;
			};
			name = Release;
		};
/* End XCBuildConfiguration section */

/* Begin XCConfigurationList section */
		CC7364232B4203BD00CA1B09 /* Build configuration list for PBXProject "MeetMe" */ = {
			isa = XCConfigurationList;
			buildConfigurations = (
				CC73644E2B4203BD00CA1B09 /* Debug */,
				CC73644F2B4203BD00CA1B09 /* Release */,
			);
			defaultConfigurationIsVisible = 0;
			defaultConfigurationName = Release;
		};
		CC7364502B4203BD00CA1B09 /* Build configuration list for PBXNativeTarget "MeetMe" */ = {
			isa = XCConfigurationList;
			buildConfigurations = (
				CC7364512B4203BD00CA1B09 /* Debug */,
				CC7364522B4203BD00CA1B09 /* Release */,
			);
			defaultConfigurationIsVisible = 0;
			defaultConfigurationName = Release;
		};
		CC7364532B4203BD00CA1B09 /* Build configuration list for PBXNativeTarget "MeetMeTests" */ = {
			isa = XCConfigurationList;
			buildConfigurations = (
				CC7364542B4203BD00CA1B09 /* Debug */,
				CC7364552B4203BD00CA1B09 /* Release */,
			);
			defaultConfigurationIsVisible = 0;
			defaultConfigurationName = Release;
		};
		CC7364562B4203BD00CA1B09 /* Build configuration list for PBXNativeTarget "MeetMeUITests" */ = {
			isa = XCConfigurationList;
			buildConfigurations = (
				CC7364572B4203BD00CA1B09 /* Debug */,
				CC7364582B4203BD00CA1B09 /* Release */,
			);
			defaultConfigurationIsVisible = 0;
			defaultConfigurationName = Release;
		};
		CC7364722B42041000CA1B09 /* Build configuration list for PBXNativeTarget "MeetMeWidgetExtension" */ = {
			isa = XCConfigurationList;
			buildConfigurations = (
				CC7364732B42041000CA1B09 /* Debug */,
				CC7364742B42041000CA1B09 /* Release */,
			);
			defaultConfigurationIsVisible = 0;
			defaultConfigurationName = Release;
		};
		CC73649E2B42047A00CA1B09 /* Build configuration list for PBXNativeTarget "WatchMeetMe Watch App" */ = {
			isa = XCConfigurationList;
			buildConfigurations = (
				CC73649F2B42047A00CA1B09 /* Debug */,
				CC7364A02B42047A00CA1B09 /* Release */,
			);
			defaultConfigurationIsVisible = 0;
			defaultConfigurationName = Release;
		};
		CC7364A22B42047A00CA1B09 /* Build configuration list for PBXNativeTarget "WatchMeetMe Watch AppTests" */ = {
			isa = XCConfigurationList;
			buildConfigurations = (
				CC7364A32B42047A00CA1B09 /* Debug */,
				CC7364A42B42047A00CA1B09 /* Release */,
			);
			defaultConfigurationIsVisible = 0;
			defaultConfigurationName = Release;
		};
		CC7364A52B42047A00CA1B09 /* Build configuration list for PBXNativeTarget "WatchMeetMe Watch AppUITests" */ = {
			isa = XCConfigurationList;
			buildConfigurations = (
				CC7364A62B42047A00CA1B09 /* Debug */,
				CC7364A72B42047A00CA1B09 /* Release */,
			);
			defaultConfigurationIsVisible = 0;
			defaultConfigurationName = Release;
		};
/* End XCConfigurationList section */
	};
	rootObject = CC7364202B4203BD00CA1B09 /* Project object */;
}
